// !$*UTF8*$!
{
	archiveVersion = 1;
	classes = {
	};
	objectVersion = 56;
	objects = {

/* Begin PBXBuildFile section */
		E53CE9D92A5323C300BE59B9 /* chadApp.swift in Sources */ = {isa = PBXBuildFile; fileRef = E53CE9D82A5323C300BE59B9 /* chadApp.swift */; };
		E53CE9DB2A5323C300BE59B9 /* ContentView.swift in Sources */ = {isa = PBXBuildFile; fileRef = E53CE9DA2A5323C300BE59B9 /* ContentView.swift */; };
		E53CE9DD2A5323C500BE59B9 /* Assets.xcassets in Resources */ = {isa = PBXBuildFile; fileRef = E53CE9DC2A5323C500BE59B9 /* Assets.xcassets */; };
		E53CE9E12A5323C500BE59B9 /* Preview Assets.xcassets in Resources */ = {isa = PBXBuildFile; fileRef = E53CE9E02A5323C500BE59B9 /* Preview Assets.xcassets */; };
		E53CE9E82A53F54C00BE59B9 /* HeaderArea.swift in Sources */ = {isa = PBXBuildFile; fileRef = E53CE9E72A53F54C00BE59B9 /* HeaderArea.swift */; };
		E53CE9EB2A53F57B00BE59B9 /* NavigationBarArea.swift in Sources */ = {isa = PBXBuildFile; fileRef = E53CE9EA2A53F57B00BE59B9 /* NavigationBarArea.swift */; };
		E53CE9ED2A53F59700BE59B9 /* ContentArea.swift in Sources */ = {isa = PBXBuildFile; fileRef = E53CE9EC2A53F59700BE59B9 /* ContentArea.swift */; };
		E53CE9EF2A53F5A200BE59B9 /* ButtonArea.swift in Sources */ = {isa = PBXBuildFile; fileRef = E53CE9EE2A53F5A200BE59B9 /* ButtonArea.swift */; };
		E53CE9F12A53F5B900BE59B9 /* FooterArea.swift in Sources */ = {isa = PBXBuildFile; fileRef = E53CE9F02A53F5B900BE59B9 /* FooterArea.swift */; };
		E53CE9F52A53FA8300BE59B9 /* PagingView.swift in Sources */ = {isa = PBXBuildFile; fileRef = E53CE9F42A53FA8300BE59B9 /* PagingView.swift */; };
		E53CE9F72A54010F00BE59B9 /* MondayView.swift in Sources */ = {isa = PBXBuildFile; fileRef = E53CE9F62A54010F00BE59B9 /* MondayView.swift */; };
		E53CE9FA2A54016400BE59B9 /* TuesdayView.swift in Sources */ = {isa = PBXBuildFile; fileRef = E53CE9F92A54016400BE59B9 /* TuesdayView.swift */; };
		E53CE9FD2A54055500BE59B9 /* ViewModel.swift in Sources */ = {isa = PBXBuildFile; fileRef = E53CE9FC2A54055500BE59B9 /* ViewModel.swift */; };
		E53CE9FF2A540E3700BE59B9 /* WednesdayView.swift in Sources */ = {isa = PBXBuildFile; fileRef = E53CE9FE2A540E3700BE59B9 /* WednesdayView.swift */; };
		E53CEA012A540EBF00BE59B9 /* ThursdayView.swift in Sources */ = {isa = PBXBuildFile; fileRef = E53CEA002A540EBF00BE59B9 /* ThursdayView.swift */; };
		E53CEA032A540EDE00BE59B9 /* FridayView.swift in Sources */ = {isa = PBXBuildFile; fileRef = E53CEA022A540EDE00BE59B9 /* FridayView.swift */; };
		E53CEA052A540EE600BE59B9 /* SaturdayView.swift in Sources */ = {isa = PBXBuildFile; fileRef = E53CEA042A540EE600BE59B9 /* SaturdayView.swift */; };
		E53CEA072A540EEF00BE59B9 /* SundayView.swift in Sources */ = {isa = PBXBuildFile; fileRef = E53CEA062A540EEF00BE59B9 /* SundayView.swift */; };
		E53CEA092A540EF900BE59B9 /* NewView.swift in Sources */ = {isa = PBXBuildFile; fileRef = E53CEA082A540EF900BE59B9 /* NewView.swift */; };
		E53CEA0D2A55868D00BE59B9 /* data.swift in Sources */ = {isa = PBXBuildFile; fileRef = E53CEA0C2A55868D00BE59B9 /* data.swift */; };
		E53CEA142A564C1100BE59B9 /* ViewBuilder.swift in Sources */ = {isa = PBXBuildFile; fileRef = E53CEA132A564C1100BE59B9 /* ViewBuilder.swift */; };
		E59371FA2A7EBAD30031F420 /* AllDayView.swift in Sources */ = {isa = PBXBuildFile; fileRef = E59371F92A7EBAD30031F420 /* AllDayView.swift */; };
/* End PBXBuildFile section */

/* Begin PBXFileReference section */
		E53CE9D52A5323C300BE59B9 /* chad.app */ = {isa = PBXFileReference; explicitFileType = wrapper.application; includeInIndex = 0; path = chad.app; sourceTree = BUILT_PRODUCTS_DIR; };
		E53CE9D82A5323C300BE59B9 /* chadApp.swift */ = {isa = PBXFileReference; lastKnownFileType = sourcecode.swift; path = chadApp.swift; sourceTree = "<group>"; };
		E53CE9DA2A5323C300BE59B9 /* ContentView.swift */ = {isa = PBXFileReference; lastKnownFileType = sourcecode.swift; path = ContentView.swift; sourceTree = "<group>"; };
		E53CE9DC2A5323C500BE59B9 /* Assets.xcassets */ = {isa = PBXFileReference; lastKnownFileType = folder.assetcatalog; path = Assets.xcassets; sourceTree = "<group>"; };
		E53CE9DE2A5323C500BE59B9 /* chad.entitlements */ = {isa = PBXFileReference; lastKnownFileType = text.plist.entitlements; path = chad.entitlements; sourceTree = "<group>"; };
		E53CE9E02A5323C500BE59B9 /* Preview Assets.xcassets */ = {isa = PBXFileReference; lastKnownFileType = folder.assetcatalog; path = "Preview Assets.xcassets"; sourceTree = "<group>"; };
		E53CE9E72A53F54C00BE59B9 /* HeaderArea.swift */ = {isa = PBXFileReference; lastKnownFileType = sourcecode.swift; path = HeaderArea.swift; sourceTree = "<group>"; };
		E53CE9EA2A53F57B00BE59B9 /* NavigationBarArea.swift */ = {isa = PBXFileReference; lastKnownFileType = sourcecode.swift; path = NavigationBarArea.swift; sourceTree = "<group>"; };
		E53CE9EC2A53F59700BE59B9 /* ContentArea.swift */ = {isa = PBXFileReference; lastKnownFileType = sourcecode.swift; path = ContentArea.swift; sourceTree = "<group>"; };
		E53CE9EE2A53F5A200BE59B9 /* ButtonArea.swift */ = {isa = PBXFileReference; lastKnownFileType = sourcecode.swift; path = ButtonArea.swift; sourceTree = "<group>"; };
		E53CE9F02A53F5B900BE59B9 /* FooterArea.swift */ = {isa = PBXFileReference; lastKnownFileType = sourcecode.swift; path = FooterArea.swift; sourceTree = "<group>"; };
		E53CE9F42A53FA8300BE59B9 /* PagingView.swift */ = {isa = PBXFileReference; lastKnownFileType = sourcecode.swift; path = PagingView.swift; sourceTree = "<group>"; };
		E53CE9F62A54010F00BE59B9 /* MondayView.swift */ = {isa = PBXFileReference; lastKnownFileType = sourcecode.swift; path = MondayView.swift; sourceTree = "<group>"; };
		E53CE9F92A54016400BE59B9 /* TuesdayView.swift */ = {isa = PBXFileReference; lastKnownFileType = sourcecode.swift; path = TuesdayView.swift; sourceTree = "<group>"; };
		E53CE9FC2A54055500BE59B9 /* ViewModel.swift */ = {isa = PBXFileReference; lastKnownFileType = sourcecode.swift; path = ViewModel.swift; sourceTree = "<group>"; };
		E53CE9FE2A540E3700BE59B9 /* WednesdayView.swift */ = {isa = PBXFileReference; lastKnownFileType = sourcecode.swift; path = WednesdayView.swift; sourceTree = "<group>"; };
		E53CEA002A540EBF00BE59B9 /* ThursdayView.swift */ = {isa = PBXFileReference; lastKnownFileType = sourcecode.swift; path = ThursdayView.swift; sourceTree = "<group>"; };
		E53CEA022A540EDE00BE59B9 /* FridayView.swift */ = {isa = PBXFileReference; lastKnownFileType = sourcecode.swift; path = FridayView.swift; sourceTree = "<group>"; };
		E53CEA042A540EE600BE59B9 /* SaturdayView.swift */ = {isa = PBXFileReference; lastKnownFileType = sourcecode.swift; path = SaturdayView.swift; sourceTree = "<group>"; };
		E53CEA062A540EEF00BE59B9 /* SundayView.swift */ = {isa = PBXFileReference; lastKnownFileType = sourcecode.swift; path = SundayView.swift; sourceTree = "<group>"; };
		E53CEA082A540EF900BE59B9 /* NewView.swift */ = {isa = PBXFileReference; lastKnownFileType = sourcecode.swift; path = NewView.swift; sourceTree = "<group>"; };
		E53CEA0C2A55868D00BE59B9 /* data.swift */ = {isa = PBXFileReference; lastKnownFileType = sourcecode.swift; path = data.swift; sourceTree = "<group>"; };
		E53CEA132A564C1100BE59B9 /* ViewBuilder.swift */ = {isa = PBXFileReference; lastKnownFileType = sourcecode.swift; path = ViewBuilder.swift; sourceTree = "<group>"; };
		E59371F92A7EBAD30031F420 /* AllDayView.swift */ = {isa = PBXFileReference; lastKnownFileType = sourcecode.swift; path = AllDayView.swift; sourceTree = "<group>"; };
/* End PBXFileReference section */

/* Begin PBXFrameworksBuildPhase section */
		E53CE9D22A5323C300BE59B9 /* Frameworks */ = {
			isa = PBXFrameworksBuildPhase;
			buildActionMask = 2147483647;
			files = (
			);
			runOnlyForDeploymentPostprocessing = 0;
		};
/* End PBXFrameworksBuildPhase section */

/* Begin PBXGroup section */
		E53CE9CC2A5323C300BE59B9 = {
			isa = PBXGroup;
			children = (
				E53CE9D72A5323C300BE59B9 /* chad */,
				E53CE9D62A5323C300BE59B9 /* Products */,
			);
			sourceTree = "<group>";
		};
		E53CE9D62A5323C300BE59B9 /* Products */ = {
			isa = PBXGroup;
			children = (
				E53CE9D52A5323C300BE59B9 /* chad.app */,
			);
			name = Products;
			sourceTree = "<group>";
		};
		E53CE9D72A5323C300BE59B9 /* chad */ = {
			isa = PBXGroup;
			children = (
				E53CE9D82A5323C300BE59B9 /* chadApp.swift */,
				E53CE9F32A53F94000BE59B9 /* Asset */,
				E53CE9F22A53F92400BE59B9 /* Model */,
				E53CE9E92A53F55400BE59B9 /* View */,
				E53CE9FB2A54051A00BE59B9 /* ViewModel */,
				E53CE9DE2A5323C500BE59B9 /* chad.entitlements */,
				E53CE9DF2A5323C500BE59B9 /* Preview Content */,
			);
			path = chad;
			sourceTree = "<group>";
		};
		E53CE9DF2A5323C500BE59B9 /* Preview Content */ = {
			isa = PBXGroup;
			children = (
				E53CE9E02A5323C500BE59B9 /* Preview Assets.xcassets */,
			);
			path = "Preview Content";
			sourceTree = "<group>";
		};
		E53CE9E92A53F55400BE59B9 /* View */ = {
			isa = PBXGroup;
			children = (
				E53CE9DA2A5323C300BE59B9 /* ContentView.swift */,
				E53CE9E72A53F54C00BE59B9 /* HeaderArea.swift */,
				E53CE9EA2A53F57B00BE59B9 /* NavigationBarArea.swift */,
				E53CE9EC2A53F59700BE59B9 /* ContentArea.swift */,
				E53CE9EE2A53F5A200BE59B9 /* ButtonArea.swift */,
				E53CE9F02A53F5B900BE59B9 /* FooterArea.swift */,
				E53CE9F42A53FA8300BE59B9 /* PagingView.swift */,
				E53CEA132A564C1100BE59B9 /* ViewBuilder.swift */,
				E53CE9F82A54011300BE59B9 /* WebtoonView */,
			);
			path = View;
			sourceTree = "<group>";
		};
		E53CE9F22A53F92400BE59B9 /* Model */ = {
			isa = PBXGroup;
			children = (
				E53CEA0C2A55868D00BE59B9 /* data.swift */,
			);
			path = Model;
			sourceTree = "<group>";
		};
		E53CE9F32A53F94000BE59B9 /* Asset */ = {
			isa = PBXGroup;
			children = (
				E53CE9DC2A5323C500BE59B9 /* Assets.xcassets */,
			);
			path = Asset;
			sourceTree = "<group>";
		};
		E53CE9F82A54011300BE59B9 /* WebtoonView */ = {
			isa = PBXGroup;
			children = (
				E59371F92A7EBAD30031F420 /* AllDayView.swift */,
				E53CE9F62A54010F00BE59B9 /* MondayView.swift */,
				E53CE9F92A54016400BE59B9 /* TuesdayView.swift */,
				E53CE9FE2A540E3700BE59B9 /* WednesdayView.swift */,
				E53CEA002A540EBF00BE59B9 /* ThursdayView.swift */,
				E53CEA022A540EDE00BE59B9 /* FridayView.swift */,
				E53CEA042A540EE600BE59B9 /* SaturdayView.swift */,
				E53CEA062A540EEF00BE59B9 /* SundayView.swift */,
				E53CEA082A540EF900BE59B9 /* NewView.swift */,
			);
			path = WebtoonView;
			sourceTree = "<group>";
		};
		E53CE9FB2A54051A00BE59B9 /* ViewModel */ = {
			isa = PBXGroup;
			children = (
				E53CE9FC2A54055500BE59B9 /* ViewModel.swift */,
			);
			path = ViewModel;
			sourceTree = "<group>";
		};
/* End PBXGroup section */

/* Begin PBXNativeTarget section */
		E53CE9D42A5323C300BE59B9 /* chad */ = {
			isa = PBXNativeTarget;
			buildConfigurationList = E53CE9E42A5323C500BE59B9 /* Build configuration list for PBXNativeTarget "chad" */;
			buildPhases = (
				E53CE9D12A5323C300BE59B9 /* Sources */,
				E53CE9D22A5323C300BE59B9 /* Frameworks */,
				E53CE9D32A5323C300BE59B9 /* Resources */,
			);
			buildRules = (
			);
			dependencies = (
			);
			name = chad;
			productName = chad;
			productReference = E53CE9D52A5323C300BE59B9 /* chad.app */;
			productType = "com.apple.product-type.application";
		};
/* End PBXNativeTarget section */

/* Begin PBXProject section */
		E53CE9CD2A5323C300BE59B9 /* Project object */ = {
			isa = PBXProject;
			attributes = {
				BuildIndependentTargetsInParallel = 1;
				LastSwiftUpdateCheck = 1430;
				LastUpgradeCheck = 1430;
				TargetAttributes = {
					E53CE9D42A5323C300BE59B9 = {
						CreatedOnToolsVersion = 14.3.1;
					};
				};
			};
			buildConfigurationList = E53CE9D02A5323C300BE59B9 /* Build configuration list for PBXProject "chad" */;
			compatibilityVersion = "Xcode 14.0";
			developmentRegion = en;
			hasScannedForEncodings = 0;
			knownRegions = (
				en,
				Base,
			);
			mainGroup = E53CE9CC2A5323C300BE59B9;
			productRefGroup = E53CE9D62A5323C300BE59B9 /* Products */;
			projectDirPath = "";
			projectRoot = "";
			targets = (
				E53CE9D42A5323C300BE59B9 /* chad */,
			);
		};
/* End PBXProject section */

/* Begin PBXResourcesBuildPhase section */
		E53CE9D32A5323C300BE59B9 /* Resources */ = {
			isa = PBXResourcesBuildPhase;
			buildActionMask = 2147483647;
			files = (
				E53CE9E12A5323C500BE59B9 /* Preview Assets.xcassets in Resources */,
				E53CE9DD2A5323C500BE59B9 /* Assets.xcassets in Resources */,
			);
			runOnlyForDeploymentPostprocessing = 0;
		};
/* End PBXResourcesBuildPhase section */

/* Begin PBXSourcesBuildPhase section */
		E53CE9D12A5323C300BE59B9 /* Sources */ = {
			isa = PBXSourcesBuildPhase;
			buildActionMask = 2147483647;
			files = (
				E53CE9FA2A54016400BE59B9 /* TuesdayView.swift in Sources */,
				E53CEA032A540EDE00BE59B9 /* FridayView.swift in Sources */,
				E53CE9EF2A53F5A200BE59B9 /* ButtonArea.swift in Sources */,
				E53CE9ED2A53F59700BE59B9 /* ContentArea.swift in Sources */,
				E53CEA052A540EE600BE59B9 /* SaturdayView.swift in Sources */,
				E53CE9FD2A54055500BE59B9 /* ViewModel.swift in Sources */,
				E53CE9EB2A53F57B00BE59B9 /* NavigationBarArea.swift in Sources */,
				E53CE9DB2A5323C300BE59B9 /* ContentView.swift in Sources */,
				E53CEA012A540EBF00BE59B9 /* ThursdayView.swift in Sources */,
				E53CE9F52A53FA8300BE59B9 /* PagingView.swift in Sources */,
				E53CEA072A540EEF00BE59B9 /* SundayView.swift in Sources */,
				E53CEA092A540EF900BE59B9 /* NewView.swift in Sources */,
				E53CE9E82A53F54C00BE59B9 /* HeaderArea.swift in Sources */,
				E59371FA2A7EBAD30031F420 /* AllDayView.swift in Sources */,
				E53CE9FF2A540E3700BE59B9 /* WednesdayView.swift in Sources */,
				E53CE9F12A53F5B900BE59B9 /* FooterArea.swift in Sources */,
				E53CE9D92A5323C300BE59B9 /* chadApp.swift in Sources */,
				E53CEA0D2A55868D00BE59B9 /* data.swift in Sources */,
				E53CE9F72A54010F00BE59B9 /* MondayView.swift in Sources */,
				E53CEA142A564C1100BE59B9 /* ViewBuilder.swift in Sources */,
			);
			runOnlyForDeploymentPostprocessing = 0;
		};
/* End PBXSourcesBuildPhase section */

/* Begin XCBuildConfiguration section */
		E53CE9E22A5323C500BE59B9 /* Debug */ = {
			isa = XCBuildConfiguration;
			buildSettings = {
				ALWAYS_SEARCH_USER_PATHS = NO;
				CLANG_ANALYZER_NONNULL = YES;
				CLANG_ANALYZER_NUMBER_OBJECT_CONVERSION = YES_AGGRESSIVE;
				CLANG_CXX_LANGUAGE_STANDARD = "gnu++20";
				CLANG_ENABLE_MODULES = YES;
				CLANG_ENABLE_OBJC_ARC = YES;
				CLANG_ENABLE_OBJC_WEAK = YES;
				CLANG_WARN_BLOCK_CAPTURE_AUTORELEASING = YES;
				CLANG_WARN_BOOL_CONVERSION = YES;
				CLANG_WARN_COMMA = YES;
				CLANG_WARN_CONSTANT_CONVERSION = YES;
				CLANG_WARN_DEPRECATED_OBJC_IMPLEMENTATIONS = YES;
				CLANG_WARN_DIRECT_OBJC_ISA_USAGE = YES_ERROR;
				CLANG_WARN_DOCUMENTATION_COMMENTS = YES;
				CLANG_WARN_EMPTY_BODY = YES;
				CLANG_WARN_ENUM_CONVERSION = YES;
				CLANG_WARN_INFINITE_RECURSION = YES;
				CLANG_WARN_INT_CONVERSION = YES;
				CLANG_WARN_NON_LITERAL_NULL_CONVERSION = YES;
				CLANG_WARN_OBJC_IMPLICIT_RETAIN_SELF = YES;
				CLANG_WARN_OBJC_LITERAL_CONVERSION = YES;
				CLANG_WARN_OBJC_ROOT_CLASS = YES_ERROR;
				CLANG_WARN_QUOTED_INCLUDE_IN_FRAMEWORK_HEADER = YES;
				CLANG_WARN_RANGE_LOOP_ANALYSIS = YES;
				CLANG_WARN_STRICT_PROTOTYPES = YES;
				CLANG_WARN_SUSPICIOUS_MOVE = YES;
				CLANG_WARN_UNGUARDED_AVAILABILITY = YES_AGGRESSIVE;
				CLANG_WARN_UNREACHABLE_CODE = YES;
				CLANG_WARN__DUPLICATE_METHOD_MATCH = YES;
				COPY_PHASE_STRIP = NO;
				DEBUG_INFORMATION_FORMAT = dwarf;
				ENABLE_STRICT_OBJC_MSGSEND = YES;
				ENABLE_TESTABILITY = YES;
				GCC_C_LANGUAGE_STANDARD = gnu11;
				GCC_DYNAMIC_NO_PIC = NO;
				GCC_NO_COMMON_BLOCKS = YES;
				GCC_OPTIMIZATION_LEVEL = 0;
				GCC_PREPROCESSOR_DEFINITIONS = (
					"DEBUG=1",
					"$(inherited)",
				);
				GCC_WARN_64_TO_32_BIT_CONVERSION = YES;
				GCC_WARN_ABOUT_RETURN_TYPE = YES_ERROR;
				GCC_WARN_UNDECLARED_SELECTOR = YES;
				GCC_WARN_UNINITIALIZED_AUTOS = YES_AGGRESSIVE;
				GCC_WARN_UNUSED_FUNCTION = YES;
				GCC_WARN_UNUSED_VARIABLE = YES;
				MTL_ENABLE_DEBUG_INFO = INCLUDE_SOURCE;
				MTL_FAST_MATH = YES;
				ONLY_ACTIVE_ARCH = YES;
				SWIFT_ACTIVE_COMPILATION_CONDITIONS = DEBUG;
				SWIFT_OPTIMIZATION_LEVEL = "-Onone";
			};
			name = Debug;
		};
		E53CE9E32A5323C500BE59B9 /* Release */ = {
			isa = XCBuildConfiguration;
			buildSettings = {
				ALWAYS_SEARCH_USER_PATHS = NO;
				CLANG_ANALYZER_NONNULL = YES;
				CLANG_ANALYZER_NUMBER_OBJECT_CONVERSION = YES_AGGRESSIVE;
				CLANG_CXX_LANGUAGE_STANDARD = "gnu++20";
				CLANG_ENABLE_MODULES = YES;
				CLANG_ENABLE_OBJC_ARC = YES;
				CLANG_ENABLE_OBJC_WEAK = YES;
				CLANG_WARN_BLOCK_CAPTURE_AUTORELEASING = YES;
				CLANG_WARN_BOOL_CONVERSION = YES;
				CLANG_WARN_COMMA = YES;
				CLANG_WARN_CONSTANT_CONVERSION = YES;
				CLANG_WARN_DEPRECATED_OBJC_IMPLEMENTATIONS = YES;
				CLANG_WARN_DIRECT_OBJC_ISA_USAGE = YES_ERROR;
				CLANG_WARN_DOCUMENTATION_COMMENTS = YES;
				CLANG_WARN_EMPTY_BODY = YES;
				CLANG_WARN_ENUM_CONVERSION = YES;
				CLANG_WARN_INFINITE_RECURSION = YES;
				CLANG_WARN_INT_CONVERSION = YES;
				CLANG_WARN_NON_LITERAL_NULL_CONVERSION = YES;
				CLANG_WARN_OBJC_IMPLICIT_RETAIN_SELF = YES;
				CLANG_WARN_OBJC_LITERAL_CONVERSION = YES;
				CLANG_WARN_OBJC_ROOT_CLASS = YES_ERROR;
				CLANG_WARN_QUOTED_INCLUDE_IN_FRAMEWORK_HEADER = YES;
				CLANG_WARN_RANGE_LOOP_ANALYSIS = YES;
				CLANG_WARN_STRICT_PROTOTYPES = YES;
				CLANG_WARN_SUSPICIOUS_MOVE = YES;
				CLANG_WARN_UNGUARDED_AVAILABILITY = YES_AGGRESSIVE;
				CLANG_WARN_UNREACHABLE_CODE = YES;
				CLANG_WARN__DUPLICATE_METHOD_MATCH = YES;
				COPY_PHASE_STRIP = NO;
				DEBUG_INFORMATION_FORMAT = "dwarf-with-dsym";
				ENABLE_NS_ASSERTIONS = NO;
				ENABLE_STRICT_OBJC_MSGSEND = YES;
				GCC_C_LANGUAGE_STANDARD = gnu11;
				GCC_NO_COMMON_BLOCKS = YES;
				GCC_WARN_64_TO_32_BIT_CONVERSION = YES;
				GCC_WARN_ABOUT_RETURN_TYPE = YES_ERROR;
				GCC_WARN_UNDECLARED_SELECTOR = YES;
				GCC_WARN_UNINITIALIZED_AUTOS = YES_AGGRESSIVE;
				GCC_WARN_UNUSED_FUNCTION = YES;
				GCC_WARN_UNUSED_VARIABLE = YES;
				MTL_ENABLE_DEBUG_INFO = NO;
				MTL_FAST_MATH = YES;
				SWIFT_COMPILATION_MODE = wholemodule;
				SWIFT_OPTIMIZATION_LEVEL = "-O";
			};
			name = Release;
		};
		E53CE9E52A5323C500BE59B9 /* Debug */ = {
			isa = XCBuildConfiguration;
			buildSettings = {
				ASSETCATALOG_COMPILER_APPICON_NAME = AppIcon;
				ASSETCATALOG_COMPILER_GLOBAL_ACCENT_COLOR_NAME = AccentColor;
				CODE_SIGN_ENTITLEMENTS = chad/chad.entitlements;
				CODE_SIGN_STYLE = Automatic;
				CURRENT_PROJECT_VERSION = 1;
				DEVELOPMENT_ASSET_PATHS = "\"chad/Preview Content\"";
				DEVELOPMENT_TEAM = 6CNX5P6BQG;
				ENABLE_HARDENED_RUNTIME = YES;
				ENABLE_PREVIEWS = YES;
				GENERATE_INFOPLIST_FILE = YES;
				"INFOPLIST_KEY_UIApplicationSceneManifest_Generation[sdk=iphoneos*]" = YES;
				"INFOPLIST_KEY_UIApplicationSceneManifest_Generation[sdk=iphonesimulator*]" = YES;
				"INFOPLIST_KEY_UIApplicationSupportsIndirectInputEvents[sdk=iphoneos*]" = YES;
				"INFOPLIST_KEY_UIApplicationSupportsIndirectInputEvents[sdk=iphonesimulator*]" = YES;
				"INFOPLIST_KEY_UILaunchScreen_Generation[sdk=iphoneos*]" = YES;
				"INFOPLIST_KEY_UILaunchScreen_Generation[sdk=iphonesimulator*]" = YES;
				"INFOPLIST_KEY_UIStatusBarStyle[sdk=iphoneos*]" = UIStatusBarStyleDefault;
				"INFOPLIST_KEY_UIStatusBarStyle[sdk=iphonesimulator*]" = UIStatusBarStyleDefault;
				INFOPLIST_KEY_UISupportedInterfaceOrientations_iPad = "UIInterfaceOrientationPortrait UIInterfaceOrientationPortraitUpsideDown UIInterfaceOrientationLandscapeLeft UIInterfaceOrientationLandscapeRight";
				INFOPLIST_KEY_UISupportedInterfaceOrientations_iPhone = "UIInterfaceOrientationPortrait UIInterfaceOrientationLandscapeLeft UIInterfaceOrientationLandscapeRight";
				IPHONEOS_DEPLOYMENT_TARGET = 16.4;
				LD_RUNPATH_SEARCH_PATHS = "@executable_path/Frameworks";
				"LD_RUNPATH_SEARCH_PATHS[sdk=macosx*]" = "@executable_path/../Frameworks";
				MACOSX_DEPLOYMENT_TARGET = 13.2;
				MARKETING_VERSION = 1.0;
				PRODUCT_BUNDLE_IDENTIFIER = com.077tech.chad;
				PRODUCT_NAME = "$(TARGET_NAME)";
				SDKROOT = auto;
				SUPPORTED_PLATFORMS = "iphoneos iphonesimulator macosx";
				SWIFT_EMIT_LOC_STRINGS = YES;
				SWIFT_VERSION = 5.0;
				TARGETED_DEVICE_FAMILY = "1,2";
			};
			name = Debug;
		};
		E53CE9E62A5323C500BE59B9 /* Release */ = {
			isa = XCBuildConfiguration;
			buildSettings = {
				ASSETCATALOG_COMPILER_APPICON_NAME = AppIcon;
				ASSETCATALOG_COMPILER_GLOBAL_ACCENT_COLOR_NAME = AccentColor;
				CODE_SIGN_ENTITLEMENTS = chad/chad.entitlements;
				CODE_SIGN_STYLE = Automatic;
				CURRENT_PROJECT_VERSION = 1;
				DEVELOPMENT_ASSET_PATHS = "\"chad/Preview Content\"";
				DEVELOPMENT_TEAM = 6CNX5P6BQG;
				ENABLE_HARDENED_RUNTIME = YES;
				ENABLE_PREVIEWS = YES;
				GENERATE_INFOPLIST_FILE = YES;
				"INFOPLIST_KEY_UIApplicationSceneManifest_Generation[sdk=iphoneos*]" = YES;
				"INFOPLIST_KEY_UIApplicationSceneManifest_Generation[sdk=iphonesimulator*]" = YES;
				"INFOPLIST_KEY_UIApplicationSupportsIndirectInputEvents[sdk=iphoneos*]" = YES;
				"INFOPLIST_KEY_UIApplicationSupportsIndirectInputEvents[sdk=iphonesimulator*]" = YES;
				"INFOPLIST_KEY_UILaunchScreen_Generation[sdk=iphoneos*]" = YES;
				"INFOPLIST_KEY_UILaunchScreen_Generation[sdk=iphonesimulator*]" = YES;
				"INFOPLIST_KEY_UIStatusBarStyle[sdk=iphoneos*]" = UIStatusBarStyleDefault;
				"INFOPLIST_KEY_UIStatusBarStyle[sdk=iphonesimulator*]" = UIStatusBarStyleDefault;
				INFOPLIST_KEY_UISupportedInterfaceOrientations_iPad = "UIInterfaceOrientationPortrait UIInterfaceOrientationPortraitUpsideDown UIInterfaceOrientationLandscapeLeft UIInterfaceOrientationLandscapeRight";
				INFOPLIST_KEY_UISupportedInterfaceOrientations_iPhone = "UIInterfaceOrientationPortrait UIInterfaceOrientationLandscapeLeft UIInterfaceOrientationLandscapeRight";
				IPHONEOS_DEPLOYMENT_TARGET = 16.4;
				LD_RUNPATH_SEARCH_PATHS = "@executable_path/Frameworks";
				"LD_RUNPATH_SEARCH_PATHS[sdk=macosx*]" = "@executable_path/../Frameworks";
				MACOSX_DEPLOYMENT_TARGET = 13.2;
				MARKETING_VERSION = 1.0;
				PRODUCT_BUNDLE_IDENTIFIER = com.077tech.chad;
				PRODUCT_NAME = "$(TARGET_NAME)";
				SDKROOT = auto;
				SUPPORTED_PLATFORMS = "iphoneos iphonesimulator macosx";
				SWIFT_EMIT_LOC_STRINGS = YES;
				SWIFT_VERSION = 5.0;
				TARGETED_DEVICE_FAMILY = "1,2";
			};
			name = Release;
		};
/* End XCBuildConfiguration section */

/* Begin XCConfigurationList section */
		E53CE9D02A5323C300BE59B9 /* Build configuration list for PBXProject "chad" */ = {
			isa = XCConfigurationList;
			buildConfigurations = (
				E53CE9E22A5323C500BE59B9 /* Debug */,
				E53CE9E32A5323C500BE59B9 /* Release */,
			);
			defaultConfigurationIsVisible = 0;
			defaultConfigurationName = Release;
		};
		E53CE9E42A5323C500BE59B9 /* Build configuration list for PBXNativeTarget "chad" */ = {
			isa = XCConfigurationList;
			buildConfigurations = (
				E53CE9E52A5323C500BE59B9 /* Debug */,
				E53CE9E62A5323C500BE59B9 /* Release */,
			);
			defaultConfigurationIsVisible = 0;
			defaultConfigurationName = Release;
		};
/* End XCConfigurationList section */
	};
	rootObject = E53CE9CD2A5323C300BE59B9 /* Project object */;
}
