// !$*UTF8*$!
{
	archiveVersion = 1;
	classes = {
	};
	objectVersion = 56;
	objects = {

/* Begin PBXBuildFile section */
		4D1AEBA32A4C10020081FF3A /* E.swift in Sources */ = {isa = PBXBuildFile; fileRef = 4D1AEBA22A4C10020081FF3A /* E.swift */; };
		4D246D772A4C0E1700D4A791 /* Main.swift in Sources */ = {isa = PBXBuildFile; fileRef = 4D246D762A4C0E1700D4A791 /* Main.swift */; };
		4D246D792A4C0E1E00D4A791 /* A.swift in Sources */ = {isa = PBXBuildFile; fileRef = 4D246D782A4C0E1E00D4A791 /* A.swift */; };
		4D246D7B2A4C0E2200D4A791 /* B.swift in Sources */ = {isa = PBXBuildFile; fileRef = 4D246D7A2A4C0E2200D4A791 /* B.swift */; };
		4D246D7D2A4C0E2500D4A791 /* C.swift in Sources */ = {isa = PBXBuildFile; fileRef = 4D246D7C2A4C0E2500D4A791 /* C.swift */; };
		4D246D7F2A4C0E3600D4A791 /* D.swift in Sources */ = {isa = PBXBuildFile; fileRef = 4D246D7E2A4C0E3600D4A791 /* D.swift */; };
		4D3FE0852A466D7A000372E8 /* BottomButton.swift in Sources */ = {isa = PBXBuildFile; fileRef = 4D3FE0842A466D7A000372E8 /* BottomButton.swift */; };
		4D3FE0882A4674D0000372E8 /* ViewBuilder.swift in Sources */ = {isa = PBXBuildFile; fileRef = 4D3FE0872A4674D0000372E8 /* ViewBuilder.swift */; };
		4D3FE08A2A49A77F000372E8 /* HeaderArea.swift in Sources */ = {isa = PBXBuildFile; fileRef = 4D3FE0892A49A77F000372E8 /* HeaderArea.swift */; };
		4D3FE08E2A49A7AA000372E8 /* ContentArea.swift in Sources */ = {isa = PBXBuildFile; fileRef = 4D3FE08D2A49A7AA000372E8 /* ContentArea.swift */; };
		4D3FE0902A49A7B2000372E8 /* FooterArea.swift in Sources */ = {isa = PBXBuildFile; fileRef = 4D3FE08F2A49A7B2000372E8 /* FooterArea.swift */; };
		4D3FE0922A49ABB8000372E8 /* ProductArea.swift in Sources */ = {isa = PBXBuildFile; fileRef = 4D3FE0912A49ABB8000372E8 /* ProductArea.swift */; };
		4DBE8F002A3A99CD0091AEEC /* CustomLinearGradient.swift in Sources */ = {isa = PBXBuildFile; fileRef = 4DBE8EFF2A3A99CD0091AEEC /* CustomLinearGradient.swift */; };
		4DE8B7232A37DF49001D0088 /* Level_04_AppleStoreApp.swift in Sources */ = {isa = PBXBuildFile; fileRef = 4DE8B7222A37DF49001D0088 /* Level_04_AppleStoreApp.swift */; };
		4DE8B7252A37DF49001D0088 /* ContentView.swift in Sources */ = {isa = PBXBuildFile; fileRef = 4DE8B7242A37DF49001D0088 /* ContentView.swift */; };
		4DE8B7272A37DF4A001D0088 /* Assets.xcassets in Resources */ = {isa = PBXBuildFile; fileRef = 4DE8B7262A37DF4A001D0088 /* Assets.xcassets */; };
		4DE8B72A2A37DF4A001D0088 /* Preview Assets.xcassets in Resources */ = {isa = PBXBuildFile; fileRef = 4DE8B7292A37DF4A001D0088 /* Preview Assets.xcassets */; };
		4DE8B7342A37DF4A001D0088 /* Level_04_AppleStoreTests.swift in Sources */ = {isa = PBXBuildFile; fileRef = 4DE8B7332A37DF4A001D0088 /* Level_04_AppleStoreTests.swift */; };
		4DE8B73E2A37DF4A001D0088 /* Level_04_AppleStoreUITests.swift in Sources */ = {isa = PBXBuildFile; fileRef = 4DE8B73D2A37DF4A001D0088 /* Level_04_AppleStoreUITests.swift */; };
		4DE8B7402A37DF4A001D0088 /* Level_04_AppleStoreUITestsLaunchTests.swift in Sources */ = {isa = PBXBuildFile; fileRef = 4DE8B73F2A37DF4A001D0088 /* Level_04_AppleStoreUITestsLaunchTests.swift */; };
/* End PBXBuildFile section */

/* Begin PBXContainerItemProxy section */
		4DE8B7302A37DF4A001D0088 /* PBXContainerItemProxy */ = {
			isa = PBXContainerItemProxy;
			containerPortal = 4DE8B7172A37DF49001D0088 /* Project object */;
			proxyType = 1;
			remoteGlobalIDString = 4DE8B71E2A37DF49001D0088;
			remoteInfo = Level_04_AppleStore;
		};
		4DE8B73A2A37DF4A001D0088 /* PBXContainerItemProxy */ = {
			isa = PBXContainerItemProxy;
			containerPortal = 4DE8B7172A37DF49001D0088 /* Project object */;
			proxyType = 1;
			remoteGlobalIDString = 4DE8B71E2A37DF49001D0088;
			remoteInfo = Level_04_AppleStore;
		};
/* End PBXContainerItemProxy section */

/* Begin PBXFileReference section */
		4D1AEBA22A4C10020081FF3A /* E.swift */ = {isa = PBXFileReference; lastKnownFileType = sourcecode.swift; path = E.swift; sourceTree = "<group>"; };
		4D246D762A4C0E1700D4A791 /* Main.swift */ = {isa = PBXFileReference; lastKnownFileType = sourcecode.swift; path = Main.swift; sourceTree = "<group>"; };
		4D246D782A4C0E1E00D4A791 /* A.swift */ = {isa = PBXFileReference; lastKnownFileType = sourcecode.swift; path = A.swift; sourceTree = "<group>"; };
		4D246D7A2A4C0E2200D4A791 /* B.swift */ = {isa = PBXFileReference; lastKnownFileType = sourcecode.swift; path = B.swift; sourceTree = "<group>"; };
		4D246D7C2A4C0E2500D4A791 /* C.swift */ = {isa = PBXFileReference; lastKnownFileType = sourcecode.swift; path = C.swift; sourceTree = "<group>"; };
		4D246D7E2A4C0E3600D4A791 /* D.swift */ = {isa = PBXFileReference; lastKnownFileType = sourcecode.swift; path = D.swift; sourceTree = "<group>"; };
		4D3FE0842A466D7A000372E8 /* BottomButton.swift */ = {isa = PBXFileReference; lastKnownFileType = sourcecode.swift; path = BottomButton.swift; sourceTree = "<group>"; };
		4D3FE0872A4674D0000372E8 /* ViewBuilder.swift */ = {isa = PBXFileReference; lastKnownFileType = sourcecode.swift; path = ViewBuilder.swift; sourceTree = "<group>"; };
		4D3FE0892A49A77F000372E8 /* HeaderArea.swift */ = {isa = PBXFileReference; lastKnownFileType = sourcecode.swift; path = HeaderArea.swift; sourceTree = "<group>"; };
		4D3FE08D2A49A7AA000372E8 /* ContentArea.swift */ = {isa = PBXFileReference; lastKnownFileType = sourcecode.swift; path = ContentArea.swift; sourceTree = "<group>"; };
		4D3FE08F2A49A7B2000372E8 /* FooterArea.swift */ = {isa = PBXFileReference; lastKnownFileType = sourcecode.swift; path = FooterArea.swift; sourceTree = "<group>"; };
		4D3FE0912A49ABB8000372E8 /* ProductArea.swift */ = {isa = PBXFileReference; lastKnownFileType = sourcecode.swift; path = ProductArea.swift; sourceTree = "<group>"; };
		4DBE8EFF2A3A99CD0091AEEC /* CustomLinearGradient.swift */ = {isa = PBXFileReference; lastKnownFileType = sourcecode.swift; path = CustomLinearGradient.swift; sourceTree = "<group>"; };
		4DE8B71F2A37DF49001D0088 /* Level_04_AppleStore.app */ = {isa = PBXFileReference; explicitFileType = wrapper.application; includeInIndex = 0; path = Level_04_AppleStore.app; sourceTree = BUILT_PRODUCTS_DIR; };
		4DE8B7222A37DF49001D0088 /* Level_04_AppleStoreApp.swift */ = {isa = PBXFileReference; lastKnownFileType = sourcecode.swift; path = Level_04_AppleStoreApp.swift; sourceTree = "<group>"; };
		4DE8B7242A37DF49001D0088 /* ContentView.swift */ = {isa = PBXFileReference; lastKnownFileType = sourcecode.swift; path = ContentView.swift; sourceTree = "<group>"; };
		4DE8B7262A37DF4A001D0088 /* Assets.xcassets */ = {isa = PBXFileReference; lastKnownFileType = folder.assetcatalog; path = Assets.xcassets; sourceTree = "<group>"; };
		4DE8B7292A37DF4A001D0088 /* Preview Assets.xcassets */ = {isa = PBXFileReference; lastKnownFileType = folder.assetcatalog; path = "Preview Assets.xcassets"; sourceTree = "<group>"; };
		4DE8B72F2A37DF4A001D0088 /* Level_04_AppleStoreTests.xctest */ = {isa = PBXFileReference; explicitFileType = wrapper.cfbundle; includeInIndex = 0; path = Level_04_AppleStoreTests.xctest; sourceTree = BUILT_PRODUCTS_DIR; };
		4DE8B7332A37DF4A001D0088 /* Level_04_AppleStoreTests.swift */ = {isa = PBXFileReference; lastKnownFileType = sourcecode.swift; path = Level_04_AppleStoreTests.swift; sourceTree = "<group>"; };
		4DE8B7392A37DF4A001D0088 /* Level_04_AppleStoreUITests.xctest */ = {isa = PBXFileReference; explicitFileType = wrapper.cfbundle; includeInIndex = 0; path = Level_04_AppleStoreUITests.xctest; sourceTree = BUILT_PRODUCTS_DIR; };
		4DE8B73D2A37DF4A001D0088 /* Level_04_AppleStoreUITests.swift */ = {isa = PBXFileReference; lastKnownFileType = sourcecode.swift; path = Level_04_AppleStoreUITests.swift; sourceTree = "<group>"; };
		4DE8B73F2A37DF4A001D0088 /* Level_04_AppleStoreUITestsLaunchTests.swift */ = {isa = PBXFileReference; lastKnownFileType = sourcecode.swift; path = Level_04_AppleStoreUITestsLaunchTests.swift; sourceTree = "<group>"; };
/* End PBXFileReference section */

/* Begin PBXFrameworksBuildPhase section */
		4DE8B71C2A37DF49001D0088 /* Frameworks */ = {
			isa = PBXFrameworksBuildPhase;
			buildActionMask = 2147483647;
			files = (
			);
			runOnlyForDeploymentPostprocessing = 0;
		};
		4DE8B72C2A37DF4A001D0088 /* Frameworks */ = {
			isa = PBXFrameworksBuildPhase;
			buildActionMask = 2147483647;
			files = (
			);
			runOnlyForDeploymentPostprocessing = 0;
		};
		4DE8B7362A37DF4A001D0088 /* Frameworks */ = {
			isa = PBXFrameworksBuildPhase;
			buildActionMask = 2147483647;
			files = (
			);
			runOnlyForDeploymentPostprocessing = 0;
		};
/* End PBXFrameworksBuildPhase section */

/* Begin PBXGroup section */
		4D246D732A4C0DD400D4A791 /* Test */ = {
			isa = PBXGroup;
			children = (
				4D246D762A4C0E1700D4A791 /* Main.swift */,
				4D246D782A4C0E1E00D4A791 /* A.swift */,
				4D246D7A2A4C0E2200D4A791 /* B.swift */,
				4D246D7C2A4C0E2500D4A791 /* C.swift */,
				4D246D7E2A4C0E3600D4A791 /* D.swift */,
				4D1AEBA22A4C10020081FF3A /* E.swift */,
			);
			path = Test;
			sourceTree = "<group>";
		};
		4D3FE0862A46727A000372E8 /* ViewBuilder */ = {
			isa = PBXGroup;
			children = (
				4D3FE0872A4674D0000372E8 /* ViewBuilder.swift */,
				4DBE8EFF2A3A99CD0091AEEC /* CustomLinearGradient.swift */,
			);
			path = ViewBuilder;
			sourceTree = "<group>";
		};
		4DE8B7162A37DF49001D0088 = {
			isa = PBXGroup;
			children = (
				4D3FE0862A46727A000372E8 /* ViewBuilder */,
				4DE8B7212A37DF49001D0088 /* Level_04_AppleStore */,
				4DE8B7322A37DF4A001D0088 /* Level_04_AppleStoreTests */,
				4DE8B73C2A37DF4A001D0088 /* Level_04_AppleStoreUITests */,
				4DE8B7202A37DF49001D0088 /* Products */,
			);
			sourceTree = "<group>";
		};
		4DE8B7202A37DF49001D0088 /* Products */ = {
			isa = PBXGroup;
			children = (
				4DE8B71F2A37DF49001D0088 /* Level_04_AppleStore.app */,
				4DE8B72F2A37DF4A001D0088 /* Level_04_AppleStoreTests.xctest */,
				4DE8B7392A37DF4A001D0088 /* Level_04_AppleStoreUITests.xctest */,
			);
			name = Products;
			sourceTree = "<group>";
		};
		4DE8B7212A37DF49001D0088 /* Level_04_AppleStore */ = {
			isa = PBXGroup;
			children = (
				4DE8B7222A37DF49001D0088 /* Level_04_AppleStoreApp.swift */,
				4DE8B7242A37DF49001D0088 /* ContentView.swift */,
				4D3FE0892A49A77F000372E8 /* HeaderArea.swift */,
				4D3FE08D2A49A7AA000372E8 /* ContentArea.swift */,
				4D3FE0912A49ABB8000372E8 /* ProductArea.swift */,
				4D3FE08F2A49A7B2000372E8 /* FooterArea.swift */,
				4D3FE0842A466D7A000372E8 /* BottomButton.swift */,
				4DE8B7262A37DF4A001D0088 /* Assets.xcassets */,
				4D246D732A4C0DD400D4A791 /* Test */,
				4DE8B7282A37DF4A001D0088 /* Preview Content */,
			);
			path = Level_04_AppleStore;
			sourceTree = "<group>";
		};
		4DE8B7282A37DF4A001D0088 /* Preview Content */ = {
			isa = PBXGroup;
			children = (
				4DE8B7292A37DF4A001D0088 /* Preview Assets.xcassets */,
			);
			path = "Preview Content";
			sourceTree = "<group>";
		};
		4DE8B7322A37DF4A001D0088 /* Level_04_AppleStoreTests */ = {
			isa = PBXGroup;
			children = (
				4DE8B7332A37DF4A001D0088 /* Level_04_AppleStoreTests.swift */,
			);
			path = Level_04_AppleStoreTests;
			sourceTree = "<group>";
		};
		4DE8B73C2A37DF4A001D0088 /* Level_04_AppleStoreUITests */ = {
			isa = PBXGroup;
			children = (
				4DE8B73D2A37DF4A001D0088 /* Level_04_AppleStoreUITests.swift */,
				4DE8B73F2A37DF4A001D0088 /* Level_04_AppleStoreUITestsLaunchTests.swift */,
			);
			path = Level_04_AppleStoreUITests;
			sourceTree = "<group>";
		};
/* End PBXGroup section */

/* Begin PBXNativeTarget section */
		4DE8B71E2A37DF49001D0088 /* Level_04_AppleStore */ = {
			isa = PBXNativeTarget;
			buildConfigurationList = 4DE8B7432A37DF4A001D0088 /* Build configuration list for PBXNativeTarget "Level_04_AppleStore" */;
			buildPhases = (
				4DE8B71B2A37DF49001D0088 /* Sources */,
				4DE8B71C2A37DF49001D0088 /* Frameworks */,
				4DE8B71D2A37DF49001D0088 /* Resources */,
			);
			buildRules = (
			);
			dependencies = (
			);
			name = Level_04_AppleStore;
			productName = Level_04_AppleStore;
			productReference = 4DE8B71F2A37DF49001D0088 /* Level_04_AppleStore.app */;
			productType = "com.apple.product-type.application";
		};
		4DE8B72E2A37DF4A001D0088 /* Level_04_AppleStoreTests */ = {
			isa = PBXNativeTarget;
			buildConfigurationList = 4DE8B7462A37DF4A001D0088 /* Build configuration list for PBXNativeTarget "Level_04_AppleStoreTests" */;
			buildPhases = (
				4DE8B72B2A37DF4A001D0088 /* Sources */,
				4DE8B72C2A37DF4A001D0088 /* Frameworks */,
				4DE8B72D2A37DF4A001D0088 /* Resources */,
			);
			buildRules = (
			);
			dependencies = (
				4DE8B7312A37DF4A001D0088 /* PBXTargetDependency */,
			);
			name = Level_04_AppleStoreTests;
			productName = Level_04_AppleStoreTests;
			productReference = 4DE8B72F2A37DF4A001D0088 /* Level_04_AppleStoreTests.xctest */;
			productType = "com.apple.product-type.bundle.unit-test";
		};
		4DE8B7382A37DF4A001D0088 /* Level_04_AppleStoreUITests */ = {
			isa = PBXNativeTarget;
			buildConfigurationList = 4DE8B7492A37DF4A001D0088 /* Build configuration list for PBXNativeTarget "Level_04_AppleStoreUITests" */;
			buildPhases = (
				4DE8B7352A37DF4A001D0088 /* Sources */,
				4DE8B7362A37DF4A001D0088 /* Frameworks */,
				4DE8B7372A37DF4A001D0088 /* Resources */,
			);
			buildRules = (
			);
			dependencies = (
				4DE8B73B2A37DF4A001D0088 /* PBXTargetDependency */,
			);
			name = Level_04_AppleStoreUITests;
			productName = Level_04_AppleStoreUITests;
			productReference = 4DE8B7392A37DF4A001D0088 /* Level_04_AppleStoreUITests.xctest */;
			productType = "com.apple.product-type.bundle.ui-testing";
		};
/* End PBXNativeTarget section */

/* Begin PBXProject section */
		4DE8B7172A37DF49001D0088 /* Project object */ = {
			isa = PBXProject;
			attributes = {
				BuildIndependentTargetsInParallel = 1;
				LastSwiftUpdateCheck = 1430;
				LastUpgradeCheck = 1430;
				TargetAttributes = {
					4DE8B71E2A37DF49001D0088 = {
						CreatedOnToolsVersion = 14.3.1;
					};
					4DE8B72E2A37DF4A001D0088 = {
						CreatedOnToolsVersion = 14.3.1;
						TestTargetID = 4DE8B71E2A37DF49001D0088;
					};
					4DE8B7382A37DF4A001D0088 = {
						CreatedOnToolsVersion = 14.3.1;
						TestTargetID = 4DE8B71E2A37DF49001D0088;
					};
				};
			};
			buildConfigurationList = 4DE8B71A2A37DF49001D0088 /* Build configuration list for PBXProject "Level_04_AppleStore" */;
			compatibilityVersion = "Xcode 14.0";
			developmentRegion = en;
			hasScannedForEncodings = 0;
			knownRegions = (
				en,
				Base,
			);
			mainGroup = 4DE8B7162A37DF49001D0088;
			productRefGroup = 4DE8B7202A37DF49001D0088 /* Products */;
			projectDirPath = "";
			projectRoot = "";
			targets = (
				4DE8B71E2A37DF49001D0088 /* Level_04_AppleStore */,
				4DE8B72E2A37DF4A001D0088 /* Level_04_AppleStoreTests */,
				4DE8B7382A37DF4A001D0088 /* Level_04_AppleStoreUITests */,
			);
		};
/* End PBXProject section */

/* Begin PBXResourcesBuildPhase section */
		4DE8B71D2A37DF49001D0088 /* Resources */ = {
			isa = PBXResourcesBuildPhase;
			buildActionMask = 2147483647;
			files = (
				4DE8B72A2A37DF4A001D0088 /* Preview Assets.xcassets in Resources */,
				4DE8B7272A37DF4A001D0088 /* Assets.xcassets in Resources */,
			);
			runOnlyForDeploymentPostprocessing = 0;
		};
		4DE8B72D2A37DF4A001D0088 /* Resources */ = {
			isa = PBXResourcesBuildPhase;
			buildActionMask = 2147483647;
			files = (
			);
			runOnlyForDeploymentPostprocessing = 0;
		};
		4DE8B7372A37DF4A001D0088 /* Resources */ = {
			isa = PBXResourcesBuildPhase;
			buildActionMask = 2147483647;
			files = (
			);
			runOnlyForDeploymentPostprocessing = 0;
		};
/* End PBXResourcesBuildPhase section */

/* Begin PBXSourcesBuildPhase section */
		4DE8B71B2A37DF49001D0088 /* Sources */ = {
			isa = PBXSourcesBuildPhase;
			buildActionMask = 2147483647;
			files = (
				4D1AEBA32A4C10020081FF3A /* E.swift in Sources */,
				4D246D7D2A4C0E2500D4A791 /* C.swift in Sources */,
				4D246D7B2A4C0E2200D4A791 /* B.swift in Sources */,
				4D246D772A4C0E1700D4A791 /* Main.swift in Sources */,
				4D3FE08A2A49A77F000372E8 /* HeaderArea.swift in Sources */,
				4D3FE0922A49ABB8000372E8 /* ProductArea.swift in Sources */,
				4D3FE08E2A49A7AA000372E8 /* ContentArea.swift in Sources */,
				4DE8B7252A37DF49001D0088 /* ContentView.swift in Sources */,
				4D246D792A4C0E1E00D4A791 /* A.swift in Sources */,
				4D246D7F2A4C0E3600D4A791 /* D.swift in Sources */,
				4D3FE0902A49A7B2000372E8 /* FooterArea.swift in Sources */,
				4D3FE0852A466D7A000372E8 /* BottomButton.swift in Sources */,
				4DBE8F002A3A99CD0091AEEC /* CustomLinearGradient.swift in Sources */,
				4DE8B7232A37DF49001D0088 /* Level_04_AppleStoreApp.swift in Sources */,
				4D3FE0882A4674D0000372E8 /* ViewBuilder.swift in Sources */,
			);
			runOnlyForDeploymentPostprocessing = 0;
		};
		4DE8B72B2A37DF4A001D0088 /* Sources */ = {
			isa = PBXSourcesBuildPhase;
			buildActionMask = 2147483647;
			files = (
				4DE8B7342A37DF4A001D0088 /* Level_04_AppleStoreTests.swift in Sources */,
			);
			runOnlyForDeploymentPostprocessing = 0;
		};
		4DE8B7352A37DF4A001D0088 /* Sources */ = {
			isa = PBXSourcesBuildPhase;
			buildActionMask = 2147483647;
			files = (
				4DE8B7402A37DF4A001D0088 /* Level_04_AppleStoreUITestsLaunchTests.swift in Sources */,
				4DE8B73E2A37DF4A001D0088 /* Level_04_AppleStoreUITests.swift in Sources */,
			);
			runOnlyForDeploymentPostprocessing = 0;
		};
/* End PBXSourcesBuildPhase section */

/* Begin PBXTargetDependency section */
		4DE8B7312A37DF4A001D0088 /* PBXTargetDependency */ = {
			isa = PBXTargetDependency;
			target = 4DE8B71E2A37DF49001D0088 /* Level_04_AppleStore */;
			targetProxy = 4DE8B7302A37DF4A001D0088 /* PBXContainerItemProxy */;
		};
		4DE8B73B2A37DF4A001D0088 /* PBXTargetDependency */ = {
			isa = PBXTargetDependency;
			target = 4DE8B71E2A37DF49001D0088 /* Level_04_AppleStore */;
			targetProxy = 4DE8B73A2A37DF4A001D0088 /* PBXContainerItemProxy */;
		};
/* End PBXTargetDependency section */

/* Begin XCBuildConfiguration section */
		4DE8B7412A37DF4A001D0088 /* Debug */ = {
			isa = XCBuildConfiguration;
			buildSettings = {
				ALWAYS_SEARCH_USER_PATHS = NO;
				CLANG_ANALYZER_NONNULL = YES;
				CLANG_ANALYZER_NUMBER_OBJECT_CONVERSION = YES_AGGRESSIVE;
				CLANG_CXX_LANGUAGE_STANDARD = "gnu++20";
				CLANG_ENABLE_MODULES = YES;
				CLANG_ENABLE_OBJC_ARC = YES;
				CLANG_ENABLE_OBJC_WEAK = YES;
				CLANG_WARN_BLOCK_CAPTURE_AUTORELEASING = YES;
				CLANG_WARN_BOOL_CONVERSION = YES;
				CLANG_WARN_COMMA = YES;
				CLANG_WARN_CONSTANT_CONVERSION = YES;
				CLANG_WARN_DEPRECATED_OBJC_IMPLEMENTATIONS = YES;
				CLANG_WARN_DIRECT_OBJC_ISA_USAGE = YES_ERROR;
				CLANG_WARN_DOCUMENTATION_COMMENTS = YES;
				CLANG_WARN_EMPTY_BODY = YES;
				CLANG_WARN_ENUM_CONVERSION = YES;
				CLANG_WARN_INFINITE_RECURSION = YES;
				CLANG_WARN_INT_CONVERSION = YES;
				CLANG_WARN_NON_LITERAL_NULL_CONVERSION = YES;
				CLANG_WARN_OBJC_IMPLICIT_RETAIN_SELF = YES;
				CLANG_WARN_OBJC_LITERAL_CONVERSION = YES;
				CLANG_WARN_OBJC_ROOT_CLASS = YES_ERROR;
				CLANG_WARN_QUOTED_INCLUDE_IN_FRAMEWORK_HEADER = YES;
				CLANG_WARN_RANGE_LOOP_ANALYSIS = YES;
				CLANG_WARN_STRICT_PROTOTYPES = YES;
				CLANG_WARN_SUSPICIOUS_MOVE = YES;
				CLANG_WARN_UNGUARDED_AVAILABILITY = YES_AGGRESSIVE;
				CLANG_WARN_UNREACHABLE_CODE = YES;
				CLANG_WARN__DUPLICATE_METHOD_MATCH = YES;
				COPY_PHASE_STRIP = NO;
				DEBUG_INFORMATION_FORMAT = dwarf;
				ENABLE_STRICT_OBJC_MSGSEND = YES;
				ENABLE_TESTABILITY = YES;
				GCC_C_LANGUAGE_STANDARD = gnu11;
				GCC_DYNAMIC_NO_PIC = NO;
				GCC_NO_COMMON_BLOCKS = YES;
				GCC_OPTIMIZATION_LEVEL = 0;
				GCC_PREPROCESSOR_DEFINITIONS = (
					"DEBUG=1",
					"$(inherited)",
				);
				GCC_WARN_64_TO_32_BIT_CONVERSION = YES;
				GCC_WARN_ABOUT_RETURN_TYPE = YES_ERROR;
				GCC_WARN_UNDECLARED_SELECTOR = YES;
				GCC_WARN_UNINITIALIZED_AUTOS = YES_AGGRESSIVE;
				GCC_WARN_UNUSED_FUNCTION = YES;
				GCC_WARN_UNUSED_VARIABLE = YES;
				IPHONEOS_DEPLOYMENT_TARGET = 16.4;
				MTL_ENABLE_DEBUG_INFO = INCLUDE_SOURCE;
				MTL_FAST_MATH = YES;
				ONLY_ACTIVE_ARCH = YES;
				SDKROOT = iphoneos;
				SWIFT_ACTIVE_COMPILATION_CONDITIONS = DEBUG;
				SWIFT_OPTIMIZATION_LEVEL = "-Onone";
			};
			name = Debug;
		};
		4DE8B7422A37DF4A001D0088 /* Release */ = {
			isa = XCBuildConfiguration;
			buildSettings = {
				ALWAYS_SEARCH_USER_PATHS = NO;
				CLANG_ANALYZER_NONNULL = YES;
				CLANG_ANALYZER_NUMBER_OBJECT_CONVERSION = YES_AGGRESSIVE;
				CLANG_CXX_LANGUAGE_STANDARD = "gnu++20";
				CLANG_ENABLE_MODULES = YES;
				CLANG_ENABLE_OBJC_ARC = YES;
				CLANG_ENABLE_OBJC_WEAK = YES;
				CLANG_WARN_BLOCK_CAPTURE_AUTORELEASING = YES;
				CLANG_WARN_BOOL_CONVERSION = YES;
				CLANG_WARN_COMMA = YES;
				CLANG_WARN_CONSTANT_CONVERSION = YES;
				CLANG_WARN_DEPRECATED_OBJC_IMPLEMENTATIONS = YES;
				CLANG_WARN_DIRECT_OBJC_ISA_USAGE = YES_ERROR;
				CLANG_WARN_DOCUMENTATION_COMMENTS = YES;
				CLANG_WARN_EMPTY_BODY = YES;
				CLANG_WARN_ENUM_CONVERSION = YES;
				CLANG_WARN_INFINITE_RECURSION = YES;
				CLANG_WARN_INT_CONVERSION = YES;
				CLANG_WARN_NON_LITERAL_NULL_CONVERSION = YES;
				CLANG_WARN_OBJC_IMPLICIT_RETAIN_SELF = YES;
				CLANG_WARN_OBJC_LITERAL_CONVERSION = YES;
				CLANG_WARN_OBJC_ROOT_CLASS = YES_ERROR;
				CLANG_WARN_QUOTED_INCLUDE_IN_FRAMEWORK_HEADER = YES;
				CLANG_WARN_RANGE_LOOP_ANALYSIS = YES;
				CLANG_WARN_STRICT_PROTOTYPES = YES;
				CLANG_WARN_SUSPICIOUS_MOVE = YES;
				CLANG_WARN_UNGUARDED_AVAILABILITY = YES_AGGRESSIVE;
				CLANG_WARN_UNREACHABLE_CODE = YES;
				CLANG_WARN__DUPLICATE_METHOD_MATCH = YES;
				COPY_PHASE_STRIP = NO;
				DEBUG_INFORMATION_FORMAT = "dwarf-with-dsym";
				ENABLE_NS_ASSERTIONS = NO;
				ENABLE_STRICT_OBJC_MSGSEND = YES;
				GCC_C_LANGUAGE_STANDARD = gnu11;
				GCC_NO_COMMON_BLOCKS = YES;
				GCC_WARN_64_TO_32_BIT_CONVERSION = YES;
				GCC_WARN_ABOUT_RETURN_TYPE = YES_ERROR;
				GCC_WARN_UNDECLARED_SELECTOR = YES;
				GCC_WARN_UNINITIALIZED_AUTOS = YES_AGGRESSIVE;
				GCC_WARN_UNUSED_FUNCTION = YES;
				GCC_WARN_UNUSED_VARIABLE = YES;
				IPHONEOS_DEPLOYMENT_TARGET = 16.4;
				MTL_ENABLE_DEBUG_INFO = NO;
				MTL_FAST_MATH = YES;
				SDKROOT = iphoneos;
				SWIFT_COMPILATION_MODE = wholemodule;
				SWIFT_OPTIMIZATION_LEVEL = "-O";
				VALIDATE_PRODUCT = YES;
			};
			name = Release;
		};
		4DE8B7442A37DF4A001D0088 /* Debug */ = {
			isa = XCBuildConfiguration;
			buildSettings = {
				ASSETCATALOG_COMPILER_APPICON_NAME = AppIcon;
				ASSETCATALOG_COMPILER_GLOBAL_ACCENT_COLOR_NAME = AccentColor;
				CODE_SIGN_STYLE = Automatic;
				CURRENT_PROJECT_VERSION = 1;
				DEVELOPMENT_ASSET_PATHS = "\"Level_04_AppleStore/Preview Content\"";
				DEVELOPMENT_TEAM = K4QNQ98D35;
				ENABLE_PREVIEWS = YES;
				GENERATE_INFOPLIST_FILE = YES;
				INFOPLIST_KEY_UIApplicationSceneManifest_Generation = YES;
				INFOPLIST_KEY_UIApplicationSupportsIndirectInputEvents = YES;
				INFOPLIST_KEY_UILaunchScreen_Generation = YES;
				INFOPLIST_KEY_UISupportedInterfaceOrientations_iPad = "UIInterfaceOrientationPortrait UIInterfaceOrientationPortraitUpsideDown UIInterfaceOrientationLandscapeLeft UIInterfaceOrientationLandscapeRight";
				INFOPLIST_KEY_UISupportedInterfaceOrientations_iPhone = "UIInterfaceOrientationPortrait UIInterfaceOrientationLandscapeLeft UIInterfaceOrientationLandscapeRight";
				LD_RUNPATH_SEARCH_PATHS = (
					"$(inherited)",
					"@executable_path/Frameworks",
				);
				MARKETING_VERSION = 1.0;
				PRODUCT_BUNDLE_IDENTIFIER = "com.yourcompany.Level-04-AppleStore";
				PRODUCT_NAME = "$(TARGET_NAME)";
				SWIFT_EMIT_LOC_STRINGS = YES;
				SWIFT_VERSION = 5.0;
				TARGETED_DEVICE_FAMILY = "1,2";
			};
			name = Debug;
		};
		4DE8B7452A37DF4A001D0088 /* Release */ = {
			isa = XCBuildConfiguration;
			buildSettings = {
				ASSETCATALOG_COMPILER_APPICON_NAME = AppIcon;
				ASSETCATALOG_COMPILER_GLOBAL_ACCENT_COLOR_NAME = AccentColor;
				CODE_SIGN_STYLE = Automatic;
				CURRENT_PROJECT_VERSION = 1;
				DEVELOPMENT_ASSET_PATHS = "\"Level_04_AppleStore/Preview Content\"";
				DEVELOPMENT_TEAM = K4QNQ98D35;
				ENABLE_PREVIEWS = YES;
				GENERATE_INFOPLIST_FILE = YES;
				INFOPLIST_KEY_UIApplicationSceneManifest_Generation = YES;
				INFOPLIST_KEY_UIApplicationSupportsIndirectInputEvents = YES;
				INFOPLIST_KEY_UILaunchScreen_Generation = YES;
				INFOPLIST_KEY_UISupportedInterfaceOrientations_iPad = "UIInterfaceOrientationPortrait UIInterfaceOrientationPortraitUpsideDown UIInterfaceOrientationLandscapeLeft UIInterfaceOrientationLandscapeRight";
				INFOPLIST_KEY_UISupportedInterfaceOrientations_iPhone = "UIInterfaceOrientationPortrait UIInterfaceOrientationLandscapeLeft UIInterfaceOrientationLandscapeRight";
				LD_RUNPATH_SEARCH_PATHS = (
					"$(inherited)",
					"@executable_path/Frameworks",
				);
				MARKETING_VERSION = 1.0;
				PRODUCT_BUNDLE_IDENTIFIER = "com.yourcompany.Level-04-AppleStore";
				PRODUCT_NAME = "$(TARGET_NAME)";
				SWIFT_EMIT_LOC_STRINGS = YES;
				SWIFT_VERSION = 5.0;
				TARGETED_DEVICE_FAMILY = "1,2";
			};
			name = Release;
		};
		4DE8B7472A37DF4A001D0088 /* Debug */ = {
			isa = XCBuildConfiguration;
			buildSettings = {
				ALWAYS_EMBED_SWIFT_STANDARD_LIBRARIES = YES;
				BUNDLE_LOADER = "$(TEST_HOST)";
				CODE_SIGN_STYLE = Automatic;
				CURRENT_PROJECT_VERSION = 1;
				DEVELOPMENT_TEAM = K4QNQ98D35;
				GENERATE_INFOPLIST_FILE = YES;
				IPHONEOS_DEPLOYMENT_TARGET = 16.4;
				MARKETING_VERSION = 1.0;
				PRODUCT_BUNDLE_IDENTIFIER = "com.yourcompany.Level-04-AppleStoreTests";
				PRODUCT_NAME = "$(TARGET_NAME)";
				SWIFT_EMIT_LOC_STRINGS = NO;
				SWIFT_VERSION = 5.0;
				TARGETED_DEVICE_FAMILY = "1,2";
				TEST_HOST = "$(BUILT_PRODUCTS_DIR)/Level_04_AppleStore.app/$(BUNDLE_EXECUTABLE_FOLDER_PATH)/Level_04_AppleStore";
			};
			name = Debug;
		};
		4DE8B7482A37DF4A001D0088 /* Release */ = {
			isa = XCBuildConfiguration;
			buildSettings = {
				ALWAYS_EMBED_SWIFT_STANDARD_LIBRARIES = YES;
				BUNDLE_LOADER = "$(TEST_HOST)";
				CODE_SIGN_STYLE = Automatic;
				CURRENT_PROJECT_VERSION = 1;
				DEVELOPMENT_TEAM = K4QNQ98D35;
				GENERATE_INFOPLIST_FILE = YES;
				IPHONEOS_DEPLOYMENT_TARGET = 16.4;
				MARKETING_VERSION = 1.0;
				PRODUCT_BUNDLE_IDENTIFIER = "com.yourcompany.Level-04-AppleStoreTests";
				PRODUCT_NAME = "$(TARGET_NAME)";
				SWIFT_EMIT_LOC_STRINGS = NO;
				SWIFT_VERSION = 5.0;
				TARGETED_DEVICE_FAMILY = "1,2";
				TEST_HOST = "$(BUILT_PRODUCTS_DIR)/Level_04_AppleStore.app/$(BUNDLE_EXECUTABLE_FOLDER_PATH)/Level_04_AppleStore";
			};
			name = Release;
		};
		4DE8B74A2A37DF4A001D0088 /* Debug */ = {
			isa = XCBuildConfiguration;
			buildSettings = {
				ALWAYS_EMBED_SWIFT_STANDARD_LIBRARIES = YES;
				CODE_SIGN_STYLE = Automatic;
				CURRENT_PROJECT_VERSION = 1;
				DEVELOPMENT_TEAM = K4QNQ98D35;
				GENERATE_INFOPLIST_FILE = YES;
				MARKETING_VERSION = 1.0;
				PRODUCT_BUNDLE_IDENTIFIER = "com.yourcompany.Level-04-AppleStoreUITests";
				PRODUCT_NAME = "$(TARGET_NAME)";
				SWIFT_EMIT_LOC_STRINGS = NO;
				SWIFT_VERSION = 5.0;
				TARGETED_DEVICE_FAMILY = "1,2";
				TEST_TARGET_NAME = Level_04_AppleStore;
			};
			name = Debug;
		};
		4DE8B74B2A37DF4A001D0088 /* Release */ = {
			isa = XCBuildConfiguration;
			buildSettings = {
				ALWAYS_EMBED_SWIFT_STANDARD_LIBRARIES = YES;
				CODE_SIGN_STYLE = Automatic;
				CURRENT_PROJECT_VERSION = 1;
				DEVELOPMENT_TEAM = K4QNQ98D35;
				GENERATE_INFOPLIST_FILE = YES;
				MARKETING_VERSION = 1.0;
				PRODUCT_BUNDLE_IDENTIFIER = "com.yourcompany.Level-04-AppleStoreUITests";
				PRODUCT_NAME = "$(TARGET_NAME)";
				SWIFT_EMIT_LOC_STRINGS = NO;
				SWIFT_VERSION = 5.0;
				TARGETED_DEVICE_FAMILY = "1,2";
				TEST_TARGET_NAME = Level_04_AppleStore;
			};
			name = Release;
		};
/* End XCBuildConfiguration section */

/* Begin XCConfigurationList section */
		4DE8B71A2A37DF49001D0088 /* Build configuration list for PBXProject "Level_04_AppleStore" */ = {
			isa = XCConfigurationList;
			buildConfigurations = (
				4DE8B7412A37DF4A001D0088 /* Debug */,
				4DE8B7422A37DF4A001D0088 /* Release */,
			);
			defaultConfigurationIsVisible = 0;
			defaultConfigurationName = Release;
		};
		4DE8B7432A37DF4A001D0088 /* Build configuration list for PBXNativeTarget "Level_04_AppleStore" */ = {
			isa = XCConfigurationList;
			buildConfigurations = (
				4DE8B7442A37DF4A001D0088 /* Debug */,
				4DE8B7452A37DF4A001D0088 /* Release */,
			);
			defaultConfigurationIsVisible = 0;
			defaultConfigurationName = Release;
		};
		4DE8B7462A37DF4A001D0088 /* Build configuration list for PBXNativeTarget "Level_04_AppleStoreTests" */ = {
			isa = XCConfigurationList;
			buildConfigurations = (
				4DE8B7472A37DF4A001D0088 /* Debug */,
				4DE8B7482A37DF4A001D0088 /* Release */,
			);
			defaultConfigurationIsVisible = 0;
			defaultConfigurationName = Release;
		};
		4DE8B7492A37DF4A001D0088 /* Build configuration list for PBXNativeTarget "Level_04_AppleStoreUITests" */ = {
			isa = XCConfigurationList;
			buildConfigurations = (
				4DE8B74A2A37DF4A001D0088 /* Debug */,
				4DE8B74B2A37DF4A001D0088 /* Release */,
			);
			defaultConfigurationIsVisible = 0;
			defaultConfigurationName = Release;
		};
/* End XCConfigurationList section */
	};
	rootObject = 4DE8B7172A37DF49001D0088 /* Project object */;
}
