// !$*UTF8*$!
{
	archiveVersion = 1;
	classes = {
	};
	objectVersion = 56;
	objects = {

/* Begin PBXBuildFile section */
		E3581D6C2A2D66AA0081446D /* ViewRouter.swift in Sources */ = {isa = PBXBuildFile; fileRef = E3581D6B2A2D66AA0081446D /* ViewRouter.swift */; };
		E3C3A6CD2A2968B600525C32 /* AddAlarmView.swift in Sources */ = {isa = PBXBuildFile; fileRef = E3C3A6CC2A2968B600525C32 /* AddAlarmView.swift */; };
		E3C3A6CF2A297F1200525C32 /* TestView.swift in Sources */ = {isa = PBXBuildFile; fileRef = E3C3A6CE2A297F1200525C32 /* TestView.swift */; };
		E3C3A6D12A29C5C900525C32 /* AlarmItemView.swift in Sources */ = {isa = PBXBuildFile; fileRef = E3C3A6D02A29C5C900525C32 /* AlarmItemView.swift */; };
		E3C3A6D32A29D9F500525C32 /* MainSheetView.swift in Sources */ = {isa = PBXBuildFile; fileRef = E3C3A6D22A29D9F500525C32 /* MainSheetView.swift */; };
		E3C3A6D52A29DA2900525C32 /* SettingView.swift in Sources */ = {isa = PBXBuildFile; fileRef = E3C3A6D42A29DA2900525C32 /* SettingView.swift */; };
		E3E5E4BA2A281997001DAE5E /* week3App.swift in Sources */ = {isa = PBXBuildFile; fileRef = E3E5E4B92A281997001DAE5E /* week3App.swift */; };
		E3E5E4BC2A281997001DAE5E /* ContentView.swift in Sources */ = {isa = PBXBuildFile; fileRef = E3E5E4BB2A281997001DAE5E /* ContentView.swift */; };
		E3E5E4BE2A281998001DAE5E /* Assets.xcassets in Resources */ = {isa = PBXBuildFile; fileRef = E3E5E4BD2A281998001DAE5E /* Assets.xcassets */; };
		E3E5E4C12A281998001DAE5E /* Preview Assets.xcassets in Resources */ = {isa = PBXBuildFile; fileRef = E3E5E4C02A281998001DAE5E /* Preview Assets.xcassets */; };
		E3E5E4CB2A281998001DAE5E /* week3Tests.swift in Sources */ = {isa = PBXBuildFile; fileRef = E3E5E4CA2A281998001DAE5E /* week3Tests.swift */; };
		E3E5E4D52A281998001DAE5E /* week3UITests.swift in Sources */ = {isa = PBXBuildFile; fileRef = E3E5E4D42A281998001DAE5E /* week3UITests.swift */; };
		E3E5E4D72A281998001DAE5E /* week3UITestsLaunchTests.swift in Sources */ = {isa = PBXBuildFile; fileRef = E3E5E4D62A281998001DAE5E /* week3UITestsLaunchTests.swift */; };
		E3E5E4E42A281BA8001DAE5E /* Readme.md in Resources */ = {isa = PBXBuildFile; fileRef = E3E5E4E32A281BA8001DAE5E /* Readme.md */; };
/* End PBXBuildFile section */

/* Begin PBXContainerItemProxy section */
		E3E5E4C72A281998001DAE5E /* PBXContainerItemProxy */ = {
			isa = PBXContainerItemProxy;
			containerPortal = E3E5E4AE2A281997001DAE5E /* Project object */;
			proxyType = 1;
			remoteGlobalIDString = E3E5E4B52A281997001DAE5E;
			remoteInfo = week3;
		};
		E3E5E4D12A281998001DAE5E /* PBXContainerItemProxy */ = {
			isa = PBXContainerItemProxy;
			containerPortal = E3E5E4AE2A281997001DAE5E /* Project object */;
			proxyType = 1;
			remoteGlobalIDString = E3E5E4B52A281997001DAE5E;
			remoteInfo = week3;
		};
/* End PBXContainerItemProxy section */

/* Begin PBXFileReference section */
		E3581D6B2A2D66AA0081446D /* ViewRouter.swift */ = {isa = PBXFileReference; lastKnownFileType = sourcecode.swift; path = ViewRouter.swift; sourceTree = "<group>"; };
		E3C3A6CC2A2968B600525C32 /* AddAlarmView.swift */ = {isa = PBXFileReference; lastKnownFileType = sourcecode.swift; path = AddAlarmView.swift; sourceTree = "<group>"; };
		E3C3A6CE2A297F1200525C32 /* TestView.swift */ = {isa = PBXFileReference; lastKnownFileType = sourcecode.swift; path = TestView.swift; sourceTree = "<group>"; };
		E3C3A6D02A29C5C900525C32 /* AlarmItemView.swift */ = {isa = PBXFileReference; lastKnownFileType = sourcecode.swift; path = AlarmItemView.swift; sourceTree = "<group>"; };
		E3C3A6D22A29D9F500525C32 /* MainSheetView.swift */ = {isa = PBXFileReference; lastKnownFileType = sourcecode.swift; path = MainSheetView.swift; sourceTree = "<group>"; };
		E3C3A6D42A29DA2900525C32 /* SettingView.swift */ = {isa = PBXFileReference; lastKnownFileType = sourcecode.swift; path = SettingView.swift; sourceTree = "<group>"; };
		E3E5E4B62A281997001DAE5E /* week3.app */ = {isa = PBXFileReference; explicitFileType = wrapper.application; includeInIndex = 0; path = week3.app; sourceTree = BUILT_PRODUCTS_DIR; };
		E3E5E4B92A281997001DAE5E /* week3App.swift */ = {isa = PBXFileReference; lastKnownFileType = sourcecode.swift; path = week3App.swift; sourceTree = "<group>"; };
		E3E5E4BB2A281997001DAE5E /* ContentView.swift */ = {isa = PBXFileReference; lastKnownFileType = sourcecode.swift; path = ContentView.swift; sourceTree = "<group>"; };
		E3E5E4BD2A281998001DAE5E /* Assets.xcassets */ = {isa = PBXFileReference; lastKnownFileType = folder.assetcatalog; path = Assets.xcassets; sourceTree = "<group>"; };
		E3E5E4C02A281998001DAE5E /* Preview Assets.xcassets */ = {isa = PBXFileReference; lastKnownFileType = folder.assetcatalog; path = "Preview Assets.xcassets"; sourceTree = "<group>"; };
		E3E5E4C62A281998001DAE5E /* week3Tests.xctest */ = {isa = PBXFileReference; explicitFileType = wrapper.cfbundle; includeInIndex = 0; path = week3Tests.xctest; sourceTree = BUILT_PRODUCTS_DIR; };
		E3E5E4CA2A281998001DAE5E /* week3Tests.swift */ = {isa = PBXFileReference; lastKnownFileType = sourcecode.swift; path = week3Tests.swift; sourceTree = "<group>"; };
		E3E5E4D02A281998001DAE5E /* week3UITests.xctest */ = {isa = PBXFileReference; explicitFileType = wrapper.cfbundle; includeInIndex = 0; path = week3UITests.xctest; sourceTree = BUILT_PRODUCTS_DIR; };
		E3E5E4D42A281998001DAE5E /* week3UITests.swift */ = {isa = PBXFileReference; lastKnownFileType = sourcecode.swift; path = week3UITests.swift; sourceTree = "<group>"; };
		E3E5E4D62A281998001DAE5E /* week3UITestsLaunchTests.swift */ = {isa = PBXFileReference; lastKnownFileType = sourcecode.swift; path = week3UITestsLaunchTests.swift; sourceTree = "<group>"; };
		E3E5E4E32A281BA8001DAE5E /* Readme.md */ = {isa = PBXFileReference; lastKnownFileType = net.daringfireball.markdown; path = Readme.md; sourceTree = "<group>"; };
/* End PBXFileReference section */

/* Begin PBXFrameworksBuildPhase section */
		E3E5E4B32A281997001DAE5E /* Frameworks */ = {
			isa = PBXFrameworksBuildPhase;
			buildActionMask = 2147483647;
			files = (
			);
			runOnlyForDeploymentPostprocessing = 0;
		};
		E3E5E4C32A281998001DAE5E /* Frameworks */ = {
			isa = PBXFrameworksBuildPhase;
			buildActionMask = 2147483647;
			files = (
			);
			runOnlyForDeploymentPostprocessing = 0;
		};
		E3E5E4CD2A281998001DAE5E /* Frameworks */ = {
			isa = PBXFrameworksBuildPhase;
			buildActionMask = 2147483647;
			files = (
			);
			runOnlyForDeploymentPostprocessing = 0;
		};
/* End PBXFrameworksBuildPhase section */

/* Begin PBXGroup section */
		E3C3A6D82A29E10E00525C32 /* Sheet */ = {
			isa = PBXGroup;
			children = (
				E3C3A6CC2A2968B600525C32 /* AddAlarmView.swift */,
				E3C3A6D22A29D9F500525C32 /* MainSheetView.swift */,
				E3C3A6D42A29DA2900525C32 /* SettingView.swift */,
			);
			path = Sheet;
			sourceTree = "<group>";
		};
		E3E5E4AD2A281997001DAE5E = {
			isa = PBXGroup;
			children = (
				E3E5E4E32A281BA8001DAE5E /* Readme.md */,
				E3E5E4B82A281997001DAE5E /* week3 */,
				E3E5E4C92A281998001DAE5E /* week3Tests */,
				E3E5E4D32A281998001DAE5E /* week3UITests */,
				E3E5E4B72A281997001DAE5E /* Products */,
			);
			sourceTree = "<group>";
		};
		E3E5E4B72A281997001DAE5E /* Products */ = {
			isa = PBXGroup;
			children = (
				E3E5E4B62A281997001DAE5E /* week3.app */,
				E3E5E4C62A281998001DAE5E /* week3Tests.xctest */,
				E3E5E4D02A281998001DAE5E /* week3UITests.xctest */,
			);
			name = Products;
			sourceTree = "<group>";
		};
		E3E5E4B82A281997001DAE5E /* week3 */ = {
			isa = PBXGroup;
			children = (
				E3C3A6D82A29E10E00525C32 /* Sheet */,
				E3E5E4B92A281997001DAE5E /* week3App.swift */,
				E3581D6B2A2D66AA0081446D /* ViewRouter.swift */,
				E3E5E4BB2A281997001DAE5E /* ContentView.swift */,
				E3C3A6CE2A297F1200525C32 /* TestView.swift */,
				E3C3A6D02A29C5C900525C32 /* AlarmItemView.swift */,
				E3E5E4BD2A281998001DAE5E /* Assets.xcassets */,
				E3E5E4BF2A281998001DAE5E /* Preview Content */,
			);
			path = week3;
			sourceTree = "<group>";
		};
		E3E5E4BF2A281998001DAE5E /* Preview Content */ = {
			isa = PBXGroup;
			children = (
				E3E5E4C02A281998001DAE5E /* Preview Assets.xcassets */,
			);
			path = "Preview Content";
			sourceTree = "<group>";
		};
		E3E5E4C92A281998001DAE5E /* week3Tests */ = {
			isa = PBXGroup;
			children = (
				E3E5E4CA2A281998001DAE5E /* week3Tests.swift */,
			);
			path = week3Tests;
			sourceTree = "<group>";
		};
		E3E5E4D32A281998001DAE5E /* week3UITests */ = {
			isa = PBXGroup;
			children = (
				E3E5E4D42A281998001DAE5E /* week3UITests.swift */,
				E3E5E4D62A281998001DAE5E /* week3UITestsLaunchTests.swift */,
			);
			path = week3UITests;
			sourceTree = "<group>";
		};
/* End PBXGroup section */

/* Begin PBXNativeTarget section */
		E3E5E4B52A281997001DAE5E /* week3 */ = {
			isa = PBXNativeTarget;
			buildConfigurationList = E3E5E4DA2A281998001DAE5E /* Build configuration list for PBXNativeTarget "week3" */;
			buildPhases = (
				E3E5E4B22A281997001DAE5E /* Sources */,
				E3E5E4B32A281997001DAE5E /* Frameworks */,
				E3E5E4B42A281997001DAE5E /* Resources */,
			);
			buildRules = (
			);
			dependencies = (
			);
			name = week3;
			productName = week3;
			productReference = E3E5E4B62A281997001DAE5E /* week3.app */;
			productType = "com.apple.product-type.application";
		};
		E3E5E4C52A281998001DAE5E /* week3Tests */ = {
			isa = PBXNativeTarget;
			buildConfigurationList = E3E5E4DD2A281998001DAE5E /* Build configuration list for PBXNativeTarget "week3Tests" */;
			buildPhases = (
				E3E5E4C22A281998001DAE5E /* Sources */,
				E3E5E4C32A281998001DAE5E /* Frameworks */,
				E3E5E4C42A281998001DAE5E /* Resources */,
			);
			buildRules = (
			);
			dependencies = (
				E3E5E4C82A281998001DAE5E /* PBXTargetDependency */,
			);
			name = week3Tests;
			productName = week3Tests;
			productReference = E3E5E4C62A281998001DAE5E /* week3Tests.xctest */;
			productType = "com.apple.product-type.bundle.unit-test";
		};
		E3E5E4CF2A281998001DAE5E /* week3UITests */ = {
			isa = PBXNativeTarget;
			buildConfigurationList = E3E5E4E02A281998001DAE5E /* Build configuration list for PBXNativeTarget "week3UITests" */;
			buildPhases = (
				E3E5E4CC2A281998001DAE5E /* Sources */,
				E3E5E4CD2A281998001DAE5E /* Frameworks */,
				E3E5E4CE2A281998001DAE5E /* Resources */,
			);
			buildRules = (
			);
			dependencies = (
				E3E5E4D22A281998001DAE5E /* PBXTargetDependency */,
			);
			name = week3UITests;
			productName = week3UITests;
			productReference = E3E5E4D02A281998001DAE5E /* week3UITests.xctest */;
			productType = "com.apple.product-type.bundle.ui-testing";
		};
/* End PBXNativeTarget section */

/* Begin PBXProject section */
		E3E5E4AE2A281997001DAE5E /* Project object */ = {
			isa = PBXProject;
			attributes = {
				BuildIndependentTargetsInParallel = 1;
				LastSwiftUpdateCheck = 1430;
				LastUpgradeCheck = 1430;
				TargetAttributes = {
					E3E5E4B52A281997001DAE5E = {
						CreatedOnToolsVersion = 14.3;
					};
					E3E5E4C52A281998001DAE5E = {
						CreatedOnToolsVersion = 14.3;
						TestTargetID = E3E5E4B52A281997001DAE5E;
					};
					E3E5E4CF2A281998001DAE5E = {
						CreatedOnToolsVersion = 14.3;
						TestTargetID = E3E5E4B52A281997001DAE5E;
					};
				};
			};
			buildConfigurationList = E3E5E4B12A281997001DAE5E /* Build configuration list for PBXProject "week3" */;
			compatibilityVersion = "Xcode 14.0";
			developmentRegion = en;
			hasScannedForEncodings = 0;
			knownRegions = (
				en,
				Base,
			);
			mainGroup = E3E5E4AD2A281997001DAE5E;
			productRefGroup = E3E5E4B72A281997001DAE5E /* Products */;
			projectDirPath = "";
			projectRoot = "";
			targets = (
				E3E5E4B52A281997001DAE5E /* week3 */,
				E3E5E4C52A281998001DAE5E /* week3Tests */,
				E3E5E4CF2A281998001DAE5E /* week3UITests */,
			);
		};
/* End PBXProject section */

/* Begin PBXResourcesBuildPhase section */
		E3E5E4B42A281997001DAE5E /* Resources */ = {
			isa = PBXResourcesBuildPhase;
			buildActionMask = 2147483647;
			files = (
				E3E5E4C12A281998001DAE5E /* Preview Assets.xcassets in Resources */,
				E3E5E4BE2A281998001DAE5E /* Assets.xcassets in Resources */,
				E3E5E4E42A281BA8001DAE5E /* Readme.md in Resources */,
			);
			runOnlyForDeploymentPostprocessing = 0;
		};
		E3E5E4C42A281998001DAE5E /* Resources */ = {
			isa = PBXResourcesBuildPhase;
			buildActionMask = 2147483647;
			files = (
			);
			runOnlyForDeploymentPostprocessing = 0;
		};
		E3E5E4CE2A281998001DAE5E /* Resources */ = {
			isa = PBXResourcesBuildPhase;
			buildActionMask = 2147483647;
			files = (
			);
			runOnlyForDeploymentPostprocessing = 0;
		};
/* End PBXResourcesBuildPhase section */

/* Begin PBXSourcesBuildPhase section */
		E3E5E4B22A281997001DAE5E /* Sources */ = {
			isa = PBXSourcesBuildPhase;
			buildActionMask = 2147483647;
			files = (
				E3C3A6CF2A297F1200525C32 /* TestView.swift in Sources */,
				E3C3A6D52A29DA2900525C32 /* SettingView.swift in Sources */,
				E3E5E4BC2A281997001DAE5E /* ContentView.swift in Sources */,
				E3C3A6D12A29C5C900525C32 /* AlarmItemView.swift in Sources */,
				E3C3A6D32A29D9F500525C32 /* MainSheetView.swift in Sources */,
				E3C3A6CD2A2968B600525C32 /* AddAlarmView.swift in Sources */,
				E3E5E4BA2A281997001DAE5E /* week3App.swift in Sources */,
				E3581D6C2A2D66AA0081446D /* ViewRouter.swift in Sources */,
			);
			runOnlyForDeploymentPostprocessing = 0;
		};
		E3E5E4C22A281998001DAE5E /* Sources */ = {
			isa = PBXSourcesBuildPhase;
			buildActionMask = 2147483647;
			files = (
				E3E5E4CB2A281998001DAE5E /* week3Tests.swift in Sources */,
			);
			runOnlyForDeploymentPostprocessing = 0;
		};
		E3E5E4CC2A281998001DAE5E /* Sources */ = {
			isa = PBXSourcesBuildPhase;
			buildActionMask = 2147483647;
			files = (
				E3E5E4D72A281998001DAE5E /* week3UITestsLaunchTests.swift in Sources */,
				E3E5E4D52A281998001DAE5E /* week3UITests.swift in Sources */,
			);
			runOnlyForDeploymentPostprocessing = 0;
		};
/* End PBXSourcesBuildPhase section */

/* Begin PBXTargetDependency section */
		E3E5E4C82A281998001DAE5E /* PBXTargetDependency */ = {
			isa = PBXTargetDependency;
			target = E3E5E4B52A281997001DAE5E /* week3 */;
			targetProxy = E3E5E4C72A281998001DAE5E /* PBXContainerItemProxy */;
		};
		E3E5E4D22A281998001DAE5E /* PBXTargetDependency */ = {
			isa = PBXTargetDependency;
			target = E3E5E4B52A281997001DAE5E /* week3 */;
			targetProxy = E3E5E4D12A281998001DAE5E /* PBXContainerItemProxy */;
		};
/* End PBXTargetDependency section */

/* Begin XCBuildConfiguration section */
		E3E5E4D82A281998001DAE5E /* Debug */ = {
			isa = XCBuildConfiguration;
			buildSettings = {
				ALWAYS_SEARCH_USER_PATHS = NO;
				CLANG_ANALYZER_NONNULL = YES;
				CLANG_ANALYZER_NUMBER_OBJECT_CONVERSION = YES_AGGRESSIVE;
				CLANG_CXX_LANGUAGE_STANDARD = "gnu++20";
				CLANG_ENABLE_MODULES = YES;
				CLANG_ENABLE_OBJC_ARC = YES;
				CLANG_ENABLE_OBJC_WEAK = YES;
				CLANG_WARN_BLOCK_CAPTURE_AUTORELEASING = YES;
				CLANG_WARN_BOOL_CONVERSION = YES;
				CLANG_WARN_COMMA = YES;
				CLANG_WARN_CONSTANT_CONVERSION = YES;
				CLANG_WARN_DEPRECATED_OBJC_IMPLEMENTATIONS = YES;
				CLANG_WARN_DIRECT_OBJC_ISA_USAGE = YES_ERROR;
				CLANG_WARN_DOCUMENTATION_COMMENTS = YES;
				CLANG_WARN_EMPTY_BODY = YES;
				CLANG_WARN_ENUM_CONVERSION = YES;
				CLANG_WARN_INFINITE_RECURSION = YES;
				CLANG_WARN_INT_CONVERSION = YES;
				CLANG_WARN_NON_LITERAL_NULL_CONVERSION = YES;
				CLANG_WARN_OBJC_IMPLICIT_RETAIN_SELF = YES;
				CLANG_WARN_OBJC_LITERAL_CONVERSION = YES;
				CLANG_WARN_OBJC_ROOT_CLASS = YES_ERROR;
				CLANG_WARN_QUOTED_INCLUDE_IN_FRAMEWORK_HEADER = YES;
				CLANG_WARN_RANGE_LOOP_ANALYSIS = YES;
				CLANG_WARN_STRICT_PROTOTYPES = YES;
				CLANG_WARN_SUSPICIOUS_MOVE = YES;
				CLANG_WARN_UNGUARDED_AVAILABILITY = YES_AGGRESSIVE;
				CLANG_WARN_UNREACHABLE_CODE = YES;
				CLANG_WARN__DUPLICATE_METHOD_MATCH = YES;
				COPY_PHASE_STRIP = NO;
				DEBUG_INFORMATION_FORMAT = dwarf;
				ENABLE_STRICT_OBJC_MSGSEND = YES;
				ENABLE_TESTABILITY = YES;
				GCC_C_LANGUAGE_STANDARD = gnu11;
				GCC_DYNAMIC_NO_PIC = NO;
				GCC_NO_COMMON_BLOCKS = YES;
				GCC_OPTIMIZATION_LEVEL = 0;
				GCC_PREPROCESSOR_DEFINITIONS = (
					"DEBUG=1",
					"$(inherited)",
				);
				GCC_WARN_64_TO_32_BIT_CONVERSION = YES;
				GCC_WARN_ABOUT_RETURN_TYPE = YES_ERROR;
				GCC_WARN_UNDECLARED_SELECTOR = YES;
				GCC_WARN_UNINITIALIZED_AUTOS = YES_AGGRESSIVE;
				GCC_WARN_UNUSED_FUNCTION = YES;
				GCC_WARN_UNUSED_VARIABLE = YES;
				IPHONEOS_DEPLOYMENT_TARGET = 16.4;
				MTL_ENABLE_DEBUG_INFO = INCLUDE_SOURCE;
				MTL_FAST_MATH = YES;
				ONLY_ACTIVE_ARCH = YES;
				SDKROOT = iphoneos;
				SWIFT_ACTIVE_COMPILATION_CONDITIONS = DEBUG;
				SWIFT_OPTIMIZATION_LEVEL = "-Onone";
			};
			name = Debug;
		};
		E3E5E4D92A281998001DAE5E /* Release */ = {
			isa = XCBuildConfiguration;
			buildSettings = {
				ALWAYS_SEARCH_USER_PATHS = NO;
				CLANG_ANALYZER_NONNULL = YES;
				CLANG_ANALYZER_NUMBER_OBJECT_CONVERSION = YES_AGGRESSIVE;
				CLANG_CXX_LANGUAGE_STANDARD = "gnu++20";
				CLANG_ENABLE_MODULES = YES;
				CLANG_ENABLE_OBJC_ARC = YES;
				CLANG_ENABLE_OBJC_WEAK = YES;
				CLANG_WARN_BLOCK_CAPTURE_AUTORELEASING = YES;
				CLANG_WARN_BOOL_CONVERSION = YES;
				CLANG_WARN_COMMA = YES;
				CLANG_WARN_CONSTANT_CONVERSION = YES;
				CLANG_WARN_DEPRECATED_OBJC_IMPLEMENTATIONS = YES;
				CLANG_WARN_DIRECT_OBJC_ISA_USAGE = YES_ERROR;
				CLANG_WARN_DOCUMENTATION_COMMENTS = YES;
				CLANG_WARN_EMPTY_BODY = YES;
				CLANG_WARN_ENUM_CONVERSION = YES;
				CLANG_WARN_INFINITE_RECURSION = YES;
				CLANG_WARN_INT_CONVERSION = YES;
				CLANG_WARN_NON_LITERAL_NULL_CONVERSION = YES;
				CLANG_WARN_OBJC_IMPLICIT_RETAIN_SELF = YES;
				CLANG_WARN_OBJC_LITERAL_CONVERSION = YES;
				CLANG_WARN_OBJC_ROOT_CLASS = YES_ERROR;
				CLANG_WARN_QUOTED_INCLUDE_IN_FRAMEWORK_HEADER = YES;
				CLANG_WARN_RANGE_LOOP_ANALYSIS = YES;
				CLANG_WARN_STRICT_PROTOTYPES = YES;
				CLANG_WARN_SUSPICIOUS_MOVE = YES;
				CLANG_WARN_UNGUARDED_AVAILABILITY = YES_AGGRESSIVE;
				CLANG_WARN_UNREACHABLE_CODE = YES;
				CLANG_WARN__DUPLICATE_METHOD_MATCH = YES;
				COPY_PHASE_STRIP = NO;
				DEBUG_INFORMATION_FORMAT = "dwarf-with-dsym";
				ENABLE_NS_ASSERTIONS = NO;
				ENABLE_STRICT_OBJC_MSGSEND = YES;
				GCC_C_LANGUAGE_STANDARD = gnu11;
				GCC_NO_COMMON_BLOCKS = YES;
				GCC_WARN_64_TO_32_BIT_CONVERSION = YES;
				GCC_WARN_ABOUT_RETURN_TYPE = YES_ERROR;
				GCC_WARN_UNDECLARED_SELECTOR = YES;
				GCC_WARN_UNINITIALIZED_AUTOS = YES_AGGRESSIVE;
				GCC_WARN_UNUSED_FUNCTION = YES;
				GCC_WARN_UNUSED_VARIABLE = YES;
				IPHONEOS_DEPLOYMENT_TARGET = 16.4;
				MTL_ENABLE_DEBUG_INFO = NO;
				MTL_FAST_MATH = YES;
				SDKROOT = iphoneos;
				SWIFT_COMPILATION_MODE = wholemodule;
				SWIFT_OPTIMIZATION_LEVEL = "-O";
				VALIDATE_PRODUCT = YES;
			};
			name = Release;
		};
		E3E5E4DB2A281998001DAE5E /* Debug */ = {
			isa = XCBuildConfiguration;
			buildSettings = {
				ASSETCATALOG_COMPILER_APPICON_NAME = AppIcon;
				ASSETCATALOG_COMPILER_GLOBAL_ACCENT_COLOR_NAME = AccentColor;
				CODE_SIGN_STYLE = Automatic;
				CURRENT_PROJECT_VERSION = 1;
				DEVELOPMENT_ASSET_PATHS = "\"week3/Preview Content\"";
				DEVELOPMENT_TEAM = 8H4K6TKQBU;
				ENABLE_PREVIEWS = YES;
				GENERATE_INFOPLIST_FILE = YES;
				INFOPLIST_KEY_UIApplicationSceneManifest_Generation = YES;
				INFOPLIST_KEY_UIApplicationSupportsIndirectInputEvents = YES;
				INFOPLIST_KEY_UILaunchScreen_Generation = YES;
				INFOPLIST_KEY_UISupportedInterfaceOrientations_iPad = "UIInterfaceOrientationPortrait UIInterfaceOrientationPortraitUpsideDown UIInterfaceOrientationLandscapeLeft UIInterfaceOrientationLandscapeRight";
				INFOPLIST_KEY_UISupportedInterfaceOrientations_iPhone = "UIInterfaceOrientationPortrait UIInterfaceOrientationLandscapeLeft UIInterfaceOrientationLandscapeRight";
				LD_RUNPATH_SEARCH_PATHS = (
					"$(inherited)",
					"@executable_path/Frameworks",
				);
				MARKETING_VERSION = 1.0;
				PRODUCT_BUNDLE_IDENTIFIER = swift.week3;
				PRODUCT_NAME = "$(TARGET_NAME)";
				SWIFT_EMIT_LOC_STRINGS = YES;
				SWIFT_VERSION = 5.0;
				TARGETED_DEVICE_FAMILY = "1,2";
			};
			name = Debug;
		};
		E3E5E4DC2A281998001DAE5E /* Release */ = {
			isa = XCBuildConfiguration;
			buildSettings = {
				ASSETCATALOG_COMPILER_APPICON_NAME = AppIcon;
				ASSETCATALOG_COMPILER_GLOBAL_ACCENT_COLOR_NAME = AccentColor;
				CODE_SIGN_STYLE = Automatic;
				CURRENT_PROJECT_VERSION = 1;
				DEVELOPMENT_ASSET_PATHS = "\"week3/Preview Content\"";
				DEVELOPMENT_TEAM = 8H4K6TKQBU;
				ENABLE_PREVIEWS = YES;
				GENERATE_INFOPLIST_FILE = YES;
				INFOPLIST_KEY_UIApplicationSceneManifest_Generation = YES;
				INFOPLIST_KEY_UIApplicationSupportsIndirectInputEvents = YES;
				INFOPLIST_KEY_UILaunchScreen_Generation = YES;
				INFOPLIST_KEY_UISupportedInterfaceOrientations_iPad = "UIInterfaceOrientationPortrait UIInterfaceOrientationPortraitUpsideDown UIInterfaceOrientationLandscapeLeft UIInterfaceOrientationLandscapeRight";
				INFOPLIST_KEY_UISupportedInterfaceOrientations_iPhone = "UIInterfaceOrientationPortrait UIInterfaceOrientationLandscapeLeft UIInterfaceOrientationLandscapeRight";
				LD_RUNPATH_SEARCH_PATHS = (
					"$(inherited)",
					"@executable_path/Frameworks",
				);
				MARKETING_VERSION = 1.0;
				PRODUCT_BUNDLE_IDENTIFIER = swift.week3;
				PRODUCT_NAME = "$(TARGET_NAME)";
				SWIFT_EMIT_LOC_STRINGS = YES;
				SWIFT_VERSION = 5.0;
				TARGETED_DEVICE_FAMILY = "1,2";
			};
			name = Release;
		};
		E3E5E4DE2A281998001DAE5E /* Debug */ = {
			isa = XCBuildConfiguration;
			buildSettings = {
				ALWAYS_EMBED_SWIFT_STANDARD_LIBRARIES = YES;
				BUNDLE_LOADER = "$(TEST_HOST)";
				CODE_SIGN_STYLE = Automatic;
				CURRENT_PROJECT_VERSION = 1;
				DEVELOPMENT_TEAM = 8H4K6TKQBU;
				GENERATE_INFOPLIST_FILE = YES;
				IPHONEOS_DEPLOYMENT_TARGET = 16.4;
				MARKETING_VERSION = 1.0;
				PRODUCT_BUNDLE_IDENTIFIER = swift.week3Tests;
				PRODUCT_NAME = "$(TARGET_NAME)";
				SWIFT_EMIT_LOC_STRINGS = NO;
				SWIFT_VERSION = 5.0;
				TARGETED_DEVICE_FAMILY = "1,2";
				TEST_HOST = "$(BUILT_PRODUCTS_DIR)/week3.app/$(BUNDLE_EXECUTABLE_FOLDER_PATH)/week3";
			};
			name = Debug;
		};
		E3E5E4DF2A281998001DAE5E /* Release */ = {
			isa = XCBuildConfiguration;
			buildSettings = {
				ALWAYS_EMBED_SWIFT_STANDARD_LIBRARIES = YES;
				BUNDLE_LOADER = "$(TEST_HOST)";
				CODE_SIGN_STYLE = Automatic;
				CURRENT_PROJECT_VERSION = 1;
				DEVELOPMENT_TEAM = 8H4K6TKQBU;
				GENERATE_INFOPLIST_FILE = YES;
				IPHONEOS_DEPLOYMENT_TARGET = 16.4;
				MARKETING_VERSION = 1.0;
				PRODUCT_BUNDLE_IDENTIFIER = swift.week3Tests;
				PRODUCT_NAME = "$(TARGET_NAME)";
				SWIFT_EMIT_LOC_STRINGS = NO;
				SWIFT_VERSION = 5.0;
				TARGETED_DEVICE_FAMILY = "1,2";
				TEST_HOST = "$(BUILT_PRODUCTS_DIR)/week3.app/$(BUNDLE_EXECUTABLE_FOLDER_PATH)/week3";
			};
			name = Release;
		};
		E3E5E4E12A281998001DAE5E /* Debug */ = {
			isa = XCBuildConfiguration;
			buildSettings = {
				ALWAYS_EMBED_SWIFT_STANDARD_LIBRARIES = YES;
				CODE_SIGN_STYLE = Automatic;
				CURRENT_PROJECT_VERSION = 1;
				DEVELOPMENT_TEAM = 8H4K6TKQBU;
				GENERATE_INFOPLIST_FILE = YES;
				MARKETING_VERSION = 1.0;
				PRODUCT_BUNDLE_IDENTIFIER = swift.week3UITests;
				PRODUCT_NAME = "$(TARGET_NAME)";
				SWIFT_EMIT_LOC_STRINGS = NO;
				SWIFT_VERSION = 5.0;
				TARGETED_DEVICE_FAMILY = "1,2";
				TEST_TARGET_NAME = week3;
			};
			name = Debug;
		};
		E3E5E4E22A281998001DAE5E /* Release */ = {
			isa = XCBuildConfiguration;
			buildSettings = {
				ALWAYS_EMBED_SWIFT_STANDARD_LIBRARIES = YES;
				CODE_SIGN_STYLE = Automatic;
				CURRENT_PROJECT_VERSION = 1;
				DEVELOPMENT_TEAM = 8H4K6TKQBU;
				GENERATE_INFOPLIST_FILE = YES;
				MARKETING_VERSION = 1.0;
				PRODUCT_BUNDLE_IDENTIFIER = swift.week3UITests;
				PRODUCT_NAME = "$(TARGET_NAME)";
				SWIFT_EMIT_LOC_STRINGS = NO;
				SWIFT_VERSION = 5.0;
				TARGETED_DEVICE_FAMILY = "1,2";
				TEST_TARGET_NAME = week3;
			};
			name = Release;
		};
/* End XCBuildConfiguration section */

/* Begin XCConfigurationList section */
		E3E5E4B12A281997001DAE5E /* Build configuration list for PBXProject "week3" */ = {
			isa = XCConfigurationList;
			buildConfigurations = (
				E3E5E4D82A281998001DAE5E /* Debug */,
				E3E5E4D92A281998001DAE5E /* Release */,
			);
			defaultConfigurationIsVisible = 0;
			defaultConfigurationName = Release;
		};
		E3E5E4DA2A281998001DAE5E /* Build configuration list for PBXNativeTarget "week3" */ = {
			isa = XCConfigurationList;
			buildConfigurations = (
				E3E5E4DB2A281998001DAE5E /* Debug */,
				E3E5E4DC2A281998001DAE5E /* Release */,
			);
			defaultConfigurationIsVisible = 0;
			defaultConfigurationName = Release;
		};
		E3E5E4DD2A281998001DAE5E /* Build configuration list for PBXNativeTarget "week3Tests" */ = {
			isa = XCConfigurationList;
			buildConfigurations = (
				E3E5E4DE2A281998001DAE5E /* Debug */,
				E3E5E4DF2A281998001DAE5E /* Release */,
			);
			defaultConfigurationIsVisible = 0;
			defaultConfigurationName = Release;
		};
		E3E5E4E02A281998001DAE5E /* Build configuration list for PBXNativeTarget "week3UITests" */ = {
			isa = XCConfigurationList;
			buildConfigurations = (
				E3E5E4E12A281998001DAE5E /* Debug */,
				E3E5E4E22A281998001DAE5E /* Release */,
			);
			defaultConfigurationIsVisible = 0;
			defaultConfigurationName = Release;
		};
/* End XCConfigurationList section */
	};
	rootObject = E3E5E4AE2A281997001DAE5E /* Project object */;
}
