// !$*UTF8*$!
{
	archiveVersion = 1;
	classes = {
	};
	objectVersion = 56;
	objects = {

/* Begin PBXBuildFile section */
		13DFBBA82A45C4EE0045A2D1 /* RashApp.swift in Sources */ = {isa = PBXBuildFile; fileRef = 13DFBBA72A45C4EE0045A2D1 /* RashApp.swift */; };
		13DFBBAA2A45C4EE0045A2D1 /* ContentView.swift in Sources */ = {isa = PBXBuildFile; fileRef = 13DFBBA92A45C4EE0045A2D1 /* ContentView.swift */; };
		13DFBBAC2A45C4EF0045A2D1 /* Assets.xcassets in Resources */ = {isa = PBXBuildFile; fileRef = 13DFBBAB2A45C4EF0045A2D1 /* Assets.xcassets */; };
		13DFBBAF2A45C4EF0045A2D1 /* Preview Assets.xcassets in Resources */ = {isa = PBXBuildFile; fileRef = 13DFBBAE2A45C4EF0045A2D1 /* Preview Assets.xcassets */; };
		13DFBBB62A45C8040045A2D1 /* MainArea.swift in Sources */ = {isa = PBXBuildFile; fileRef = 13DFBBB52A45C8040045A2D1 /* MainArea.swift */; };
		13DFBBB82A45C8160045A2D1 /* ContentArea.swift in Sources */ = {isa = PBXBuildFile; fileRef = 13DFBBB72A45C8160045A2D1 /* ContentArea.swift */; };
		13DFBBBA2A45C8270045A2D1 /* ProductArea.swift in Sources */ = {isa = PBXBuildFile; fileRef = 13DFBBB92A45C8270045A2D1 /* ProductArea.swift */; };
/* End PBXBuildFile section */

/* Begin PBXFileReference section */
		13DFBBA42A45C4EE0045A2D1 /* Rash.app */ = {isa = PBXFileReference; explicitFileType = wrapper.application; includeInIndex = 0; path = Rash.app; sourceTree = BUILT_PRODUCTS_DIR; };
		13DFBBA72A45C4EE0045A2D1 /* RashApp.swift */ = {isa = PBXFileReference; lastKnownFileType = sourcecode.swift; path = RashApp.swift; sourceTree = "<group>"; };
		13DFBBA92A45C4EE0045A2D1 /* ContentView.swift */ = {isa = PBXFileReference; lastKnownFileType = sourcecode.swift; path = ContentView.swift; sourceTree = "<group>"; };
		13DFBBAB2A45C4EF0045A2D1 /* Assets.xcassets */ = {isa = PBXFileReference; lastKnownFileType = folder.assetcatalog; path = Assets.xcassets; sourceTree = "<group>"; };
		13DFBBAE2A45C4EF0045A2D1 /* Preview Assets.xcassets */ = {isa = PBXFileReference; lastKnownFileType = folder.assetcatalog; path = "Preview Assets.xcassets"; sourceTree = "<group>"; };
		13DFBBB52A45C8040045A2D1 /* MainArea.swift */ = {isa = PBXFileReference; lastKnownFileType = sourcecode.swift; path = MainArea.swift; sourceTree = "<group>"; };
		13DFBBB72A45C8160045A2D1 /* ContentArea.swift */ = {isa = PBXFileReference; lastKnownFileType = sourcecode.swift; path = ContentArea.swift; sourceTree = "<group>"; };
		13DFBBB92A45C8270045A2D1 /* ProductArea.swift */ = {isa = PBXFileReference; lastKnownFileType = sourcecode.swift; path = ProductArea.swift; sourceTree = "<group>"; };
/* End PBXFileReference section */

/* Begin PBXFrameworksBuildPhase section */
		13DFBBA12A45C4EE0045A2D1 /* Frameworks */ = {
			isa = PBXFrameworksBuildPhase;
			buildActionMask = 2147483647;
			files = (
			);
			runOnlyForDeploymentPostprocessing = 0;
		};
/* End PBXFrameworksBuildPhase section */

/* Begin PBXGroup section */
		13DFBB9B2A45C4EE0045A2D1 = {
			isa = PBXGroup;
			children = (
				13DFBBA62A45C4EE0045A2D1 /* Rash */,
				13DFBBA52A45C4EE0045A2D1 /* Products */,
			);
			sourceTree = "<group>";
		};
		13DFBBA52A45C4EE0045A2D1 /* Products */ = {
			isa = PBXGroup;
			children = (
				13DFBBA42A45C4EE0045A2D1 /* Rash.app */,
			);
			name = Products;
			sourceTree = "<group>";
		};
		13DFBBA62A45C4EE0045A2D1 /* Rash */ = {
			isa = PBXGroup;
			children = (
				13DFBBA72A45C4EE0045A2D1 /* RashApp.swift */,
				13DFBBB52A45C8040045A2D1 /* MainArea.swift */,
				13DFBBB92A45C8270045A2D1 /* ProductArea.swift */,
				13DFBBB72A45C8160045A2D1 /* ContentArea.swift */,
				13DFBBA92A45C4EE0045A2D1 /* ContentView.swift */,
				13DFBBAB2A45C4EF0045A2D1 /* Assets.xcassets */,
				13DFBBAD2A45C4EF0045A2D1 /* Preview Content */,
			);
			path = Rash;
			sourceTree = "<group>";
		};
		13DFBBAD2A45C4EF0045A2D1 /* Preview Content */ = {
			isa = PBXGroup;
			children = (
				13DFBBAE2A45C4EF0045A2D1 /* Preview Assets.xcassets */,
			);
			path = "Preview Content";
			sourceTree = "<group>";
		};
/* End PBXGroup section */

/* Begin PBXNativeTarget section */
		13DFBBA32A45C4EE0045A2D1 /* Rash */ = {
			isa = PBXNativeTarget;
			buildConfigurationList = 13DFBBB22A45C4EF0045A2D1 /* Build configuration list for PBXNativeTarget "Rash" */;
			buildPhases = (
				13DFBBA02A45C4EE0045A2D1 /* Sources */,
				13DFBBA12A45C4EE0045A2D1 /* Frameworks */,
				13DFBBA22A45C4EE0045A2D1 /* Resources */,
			);
			buildRules = (
			);
			dependencies = (
			);
			name = Rash;
			productName = Rash;
			productReference = 13DFBBA42A45C4EE0045A2D1 /* Rash.app */;
			productType = "com.apple.product-type.application";
		};
/* End PBXNativeTarget section */

/* Begin PBXProject section */
		13DFBB9C2A45C4EE0045A2D1 /* Project object */ = {
			isa = PBXProject;
			attributes = {
				BuildIndependentTargetsInParallel = 1;
				LastSwiftUpdateCheck = 1430;
				LastUpgradeCheck = 1430;
				TargetAttributes = {
					13DFBBA32A45C4EE0045A2D1 = {
						CreatedOnToolsVersion = 14.3;
					};
				};
			};
			buildConfigurationList = 13DFBB9F2A45C4EE0045A2D1 /* Build configuration list for PBXProject "Rash" */;
			compatibilityVersion = "Xcode 14.0";
			developmentRegion = en;
			hasScannedForEncodings = 0;
			knownRegions = (
				en,
				Base,
			);
			mainGroup = 13DFBB9B2A45C4EE0045A2D1;
			productRefGroup = 13DFBBA52A45C4EE0045A2D1 /* Products */;
			projectDirPath = "";
			projectRoot = "";
			targets = (
				13DFBBA32A45C4EE0045A2D1 /* Rash */,
			);
		};
/* End PBXProject section */

/* Begin PBXResourcesBuildPhase section */
		13DFBBA22A45C4EE0045A2D1 /* Resources */ = {
			isa = PBXResourcesBuildPhase;
			buildActionMask = 2147483647;
			files = (
				13DFBBAF2A45C4EF0045A2D1 /* Preview Assets.xcassets in Resources */,
				13DFBBAC2A45C4EF0045A2D1 /* Assets.xcassets in Resources */,
			);
			runOnlyForDeploymentPostprocessing = 0;
		};
/* End PBXResourcesBuildPhase section */

/* Begin PBXSourcesBuildPhase section */
		13DFBBA02A45C4EE0045A2D1 /* Sources */ = {
			isa = PBXSourcesBuildPhase;
			buildActionMask = 2147483647;
			files = (
				13DFBBBA2A45C8270045A2D1 /* ProductArea.swift in Sources */,
				13DFBBB82A45C8160045A2D1 /* ContentArea.swift in Sources */,
				13DFBBAA2A45C4EE0045A2D1 /* ContentView.swift in Sources */,
				13DFBBA82A45C4EE0045A2D1 /* RashApp.swift in Sources */,
				13DFBBB62A45C8040045A2D1 /* MainArea.swift in Sources */,
			);
			runOnlyForDeploymentPostprocessing = 0;
		};
/* End PBXSourcesBuildPhase section */

/* Begin XCBuildConfiguration section */
		13DFBBB02A45C4EF0045A2D1 /* Debug */ = {
			isa = XCBuildConfiguration;
			buildSettings = {
				ALWAYS_SEARCH_USER_PATHS = NO;
				CLANG_ANALYZER_NONNULL = YES;
				CLANG_ANALYZER_NUMBER_OBJECT_CONVERSION = YES_AGGRESSIVE;
				CLANG_CXX_LANGUAGE_STANDARD = "gnu++20";
				CLANG_ENABLE_MODULES = YES;
				CLANG_ENABLE_OBJC_ARC = YES;
				CLANG_ENABLE_OBJC_WEAK = YES;
				CLANG_WARN_BLOCK_CAPTURE_AUTORELEASING = YES;
				CLANG_WARN_BOOL_CONVERSION = YES;
				CLANG_WARN_COMMA = YES;
				CLANG_WARN_CONSTANT_CONVERSION = YES;
				CLANG_WARN_DEPRECATED_OBJC_IMPLEMENTATIONS = YES;
				CLANG_WARN_DIRECT_OBJC_ISA_USAGE = YES_ERROR;
				CLANG_WARN_DOCUMENTATION_COMMENTS = YES;
				CLANG_WARN_EMPTY_BODY = YES;
				CLANG_WARN_ENUM_CONVERSION = YES;
				CLANG_WARN_INFINITE_RECURSION = YES;
				CLANG_WARN_INT_CONVERSION = YES;
				CLANG_WARN_NON_LITERAL_NULL_CONVERSION = YES;
				CLANG_WARN_OBJC_IMPLICIT_RETAIN_SELF = YES;
				CLANG_WARN_OBJC_LITERAL_CONVERSION = YES;
				CLANG_WARN_OBJC_ROOT_CLASS = YES_ERROR;
				CLANG_WARN_QUOTED_INCLUDE_IN_FRAMEWORK_HEADER = YES;
				CLANG_WARN_RANGE_LOOP_ANALYSIS = YES;
				CLANG_WARN_STRICT_PROTOTYPES = YES;
				CLANG_WARN_SUSPICIOUS_MOVE = YES;
				CLANG_WARN_UNGUARDED_AVAILABILITY = YES_AGGRESSIVE;
				CLANG_WARN_UNREACHABLE_CODE = YES;
				CLANG_WARN__DUPLICATE_METHOD_MATCH = YES;
				COPY_PHASE_STRIP = NO;
				DEBUG_INFORMATION_FORMAT = dwarf;
				ENABLE_STRICT_OBJC_MSGSEND = YES;
				ENABLE_TESTABILITY = YES;
				GCC_C_LANGUAGE_STANDARD = gnu11;
				GCC_DYNAMIC_NO_PIC = NO;
				GCC_NO_COMMON_BLOCKS = YES;
				GCC_OPTIMIZATION_LEVEL = 0;
				GCC_PREPROCESSOR_DEFINITIONS = (
					"DEBUG=1",
					"$(inherited)",
				);
				GCC_WARN_64_TO_32_BIT_CONVERSION = YES;
				GCC_WARN_ABOUT_RETURN_TYPE = YES_ERROR;
				GCC_WARN_UNDECLARED_SELECTOR = YES;
				GCC_WARN_UNINITIALIZED_AUTOS = YES_AGGRESSIVE;
				GCC_WARN_UNUSED_FUNCTION = YES;
				GCC_WARN_UNUSED_VARIABLE = YES;
				IPHONEOS_DEPLOYMENT_TARGET = 16.4;
				MTL_ENABLE_DEBUG_INFO = INCLUDE_SOURCE;
				MTL_FAST_MATH = YES;
				ONLY_ACTIVE_ARCH = YES;
				SDKROOT = iphoneos;
				SWIFT_ACTIVE_COMPILATION_CONDITIONS = DEBUG;
				SWIFT_OPTIMIZATION_LEVEL = "-Onone";
			};
			name = Debug;
		};
		13DFBBB12A45C4EF0045A2D1 /* Release */ = {
			isa = XCBuildConfiguration;
			buildSettings = {
				ALWAYS_SEARCH_USER_PATHS = NO;
				CLANG_ANALYZER_NONNULL = YES;
				CLANG_ANALYZER_NUMBER_OBJECT_CONVERSION = YES_AGGRESSIVE;
				CLANG_CXX_LANGUAGE_STANDARD = "gnu++20";
				CLANG_ENABLE_MODULES = YES;
				CLANG_ENABLE_OBJC_ARC = YES;
				CLANG_ENABLE_OBJC_WEAK = YES;
				CLANG_WARN_BLOCK_CAPTURE_AUTORELEASING = YES;
				CLANG_WARN_BOOL_CONVERSION = YES;
				CLANG_WARN_COMMA = YES;
				CLANG_WARN_CONSTANT_CONVERSION = YES;
				CLANG_WARN_DEPRECATED_OBJC_IMPLEMENTATIONS = YES;
				CLANG_WARN_DIRECT_OBJC_ISA_USAGE = YES_ERROR;
				CLANG_WARN_DOCUMENTATION_COMMENTS = YES;
				CLANG_WARN_EMPTY_BODY = YES;
				CLANG_WARN_ENUM_CONVERSION = YES;
				CLANG_WARN_INFINITE_RECURSION = YES;
				CLANG_WARN_INT_CONVERSION = YES;
				CLANG_WARN_NON_LITERAL_NULL_CONVERSION = YES;
				CLANG_WARN_OBJC_IMPLICIT_RETAIN_SELF = YES;
				CLANG_WARN_OBJC_LITERAL_CONVERSION = YES;
				CLANG_WARN_OBJC_ROOT_CLASS = YES_ERROR;
				CLANG_WARN_QUOTED_INCLUDE_IN_FRAMEWORK_HEADER = YES;
				CLANG_WARN_RANGE_LOOP_ANALYSIS = YES;
				CLANG_WARN_STRICT_PROTOTYPES = YES;
				CLANG_WARN_SUSPICIOUS_MOVE = YES;
				CLANG_WARN_UNGUARDED_AVAILABILITY = YES_AGGRESSIVE;
				CLANG_WARN_UNREACHABLE_CODE = YES;
				CLANG_WARN__DUPLICATE_METHOD_MATCH = YES;
				COPY_PHASE_STRIP = NO;
				DEBUG_INFORMATION_FORMAT = "dwarf-with-dsym";
				ENABLE_NS_ASSERTIONS = NO;
				ENABLE_STRICT_OBJC_MSGSEND = YES;
				GCC_C_LANGUAGE_STANDARD = gnu11;
				GCC_NO_COMMON_BLOCKS = YES;
				GCC_WARN_64_TO_32_BIT_CONVERSION = YES;
				GCC_WARN_ABOUT_RETURN_TYPE = YES_ERROR;
				GCC_WARN_UNDECLARED_SELECTOR = YES;
				GCC_WARN_UNINITIALIZED_AUTOS = YES_AGGRESSIVE;
				GCC_WARN_UNUSED_FUNCTION = YES;
				GCC_WARN_UNUSED_VARIABLE = YES;
				IPHONEOS_DEPLOYMENT_TARGET = 16.4;
				MTL_ENABLE_DEBUG_INFO = NO;
				MTL_FAST_MATH = YES;
				SDKROOT = iphoneos;
				SWIFT_COMPILATION_MODE = wholemodule;
				SWIFT_OPTIMIZATION_LEVEL = "-O";
				VALIDATE_PRODUCT = YES;
			};
			name = Release;
		};
		13DFBBB32A45C4EF0045A2D1 /* Debug */ = {
			isa = XCBuildConfiguration;
			buildSettings = {
				ASSETCATALOG_COMPILER_APPICON_NAME = AppIcon;
				ASSETCATALOG_COMPILER_GLOBAL_ACCENT_COLOR_NAME = AccentColor;
				CODE_SIGN_STYLE = Automatic;
				CURRENT_PROJECT_VERSION = 1;
				DEVELOPMENT_ASSET_PATHS = "\"Rash/Preview Content\"";
				ENABLE_PREVIEWS = YES;
				GENERATE_INFOPLIST_FILE = YES;
				INFOPLIST_KEY_UIApplicationSceneManifest_Generation = YES;
				INFOPLIST_KEY_UIApplicationSupportsIndirectInputEvents = YES;
				INFOPLIST_KEY_UILaunchScreen_Generation = YES;
				INFOPLIST_KEY_UISupportedInterfaceOrientations_iPad = "UIInterfaceOrientationPortrait UIInterfaceOrientationPortraitUpsideDown UIInterfaceOrientationLandscapeLeft UIInterfaceOrientationLandscapeRight";
				INFOPLIST_KEY_UISupportedInterfaceOrientations_iPhone = "UIInterfaceOrientationPortrait UIInterfaceOrientationLandscapeLeft UIInterfaceOrientationLandscapeRight";
				LD_RUNPATH_SEARCH_PATHS = (
					"$(inherited)",
					"@executable_path/Frameworks",
				);
				MARKETING_VERSION = 1.0;
				PRODUCT_BUNDLE_IDENTIFIER = d.Rash;
				PRODUCT_NAME = "$(TARGET_NAME)";
				SWIFT_EMIT_LOC_STRINGS = YES;
				SWIFT_VERSION = 5.0;
				TARGETED_DEVICE_FAMILY = "1,2";
			};
			name = Debug;
		};
		13DFBBB42A45C4EF0045A2D1 /* Release */ = {
			isa = XCBuildConfiguration;
			buildSettings = {
				ASSETCATALOG_COMPILER_APPICON_NAME = AppIcon;
				ASSETCATALOG_COMPILER_GLOBAL_ACCENT_COLOR_NAME = AccentColor;
				CODE_SIGN_STYLE = Automatic;
				CURRENT_PROJECT_VERSION = 1;
				DEVELOPMENT_ASSET_PATHS = "\"Rash/Preview Content\"";
				ENABLE_PREVIEWS = YES;
				GENERATE_INFOPLIST_FILE = YES;
				INFOPLIST_KEY_UIApplicationSceneManifest_Generation = YES;
				INFOPLIST_KEY_UIApplicationSupportsIndirectInputEvents = YES;
				INFOPLIST_KEY_UILaunchScreen_Generation = YES;
				INFOPLIST_KEY_UISupportedInterfaceOrientations_iPad = "UIInterfaceOrientationPortrait UIInterfaceOrientationPortraitUpsideDown UIInterfaceOrientationLandscapeLeft UIInterfaceOrientationLandscapeRight";
				INFOPLIST_KEY_UISupportedInterfaceOrientations_iPhone = "UIInterfaceOrientationPortrait UIInterfaceOrientationLandscapeLeft UIInterfaceOrientationLandscapeRight";
				LD_RUNPATH_SEARCH_PATHS = (
					"$(inherited)",
					"@executable_path/Frameworks",
				);
				MARKETING_VERSION = 1.0;
				PRODUCT_BUNDLE_IDENTIFIER = d.Rash;
				PRODUCT_NAME = "$(TARGET_NAME)";
				SWIFT_EMIT_LOC_STRINGS = YES;
				SWIFT_VERSION = 5.0;
				TARGETED_DEVICE_FAMILY = "1,2";
			};
			name = Release;
		};
/* End XCBuildConfiguration section */

/* Begin XCConfigurationList section */
		13DFBB9F2A45C4EE0045A2D1 /* Build configuration list for PBXProject "Rash" */ = {
			isa = XCConfigurationList;
			buildConfigurations = (
				13DFBBB02A45C4EF0045A2D1 /* Debug */,
				13DFBBB12A45C4EF0045A2D1 /* Release */,
			);
			defaultConfigurationIsVisible = 0;
			defaultConfigurationName = Release;
		};
		13DFBBB22A45C4EF0045A2D1 /* Build configuration list for PBXNativeTarget "Rash" */ = {
			isa = XCConfigurationList;
			buildConfigurations = (
				13DFBBB32A45C4EF0045A2D1 /* Debug */,
				13DFBBB42A45C4EF0045A2D1 /* Release */,
			);
			defaultConfigurationIsVisible = 0;
			defaultConfigurationName = Release;
		};
/* End XCConfigurationList section */
	};
	rootObject = 13DFBB9C2A45C4EE0045A2D1 /* Project object */;
}
